Microsoft Visual Studio Solution File, Format Version 12.00
# Visual Studio Version 16
VisualStudioVersion = 16.0.29025.244
MinimumVisualStudioVersion = 10.0.40219.1
Project("{FAE04EC0-301F-11D3-BF4B-00C04F79EFBC}") = "OpenDental", "OpenDental\OpenDental.csproj", "{8136317D-C936-49B6-9E31-D90F02D2F207}"
	ProjectSection(ProjectDependencies) = postProject
		{84688345-BB6A-4F2F-8672-A82B52FD433B} = {84688345-BB6A-4F2F-8672-A82B52FD433B}
		{3D0FC76E-803C-4DE2-BDB1-47D63A4E2357} = {3D0FC76E-803C-4DE2-BDB1-47D63A4E2357}
		{18F7BC78-4B99-48D3-A1F1-0D13A63E3CF9} = {18F7BC78-4B99-48D3-A1F1-0D13A63E3CF9}
		{50C36CEE-5A29-4836-8853-6BE157B3DCF3} = {50C36CEE-5A29-4836-8853-6BE157B3DCF3}
		{033B77F4-2E98-49A7-901F-5F388DEDF83E} = {033B77F4-2E98-49A7-901F-5F388DEDF83E}
		{3FB82BFD-6E2A-4CDD-987E-0AC199771BC8} = {3FB82BFD-6E2A-4CDD-987E-0AC199771BC8}
	EndProjectSection
EndProject
Project("{FAE04EC0-301F-11D3-BF4B-00C04F79EFBC}") = "OpenDentBusiness", "OpenDentBusiness\OpenDentBusiness.csproj", "{3D0FC76E-803C-4DE2-BDB1-47D63A4E2357}"
EndProject
Project("{FAE04EC0-301F-11D3-BF4B-00C04F79EFBC}") = "UnitTests", "UnitTests\UnitTests.csproj", "{7069E361-5105-4A13-8D66-5D528B582BA6}"
	ProjectSection(ProjectDependencies) = postProject
		{7BBDDEDF-C015-43C0-A532-FED224993281} = {7BBDDEDF-C015-43C0-A532-FED224993281}
	EndProjectSection
EndProject
Project("{FAE04EC0-301F-11D3-BF4B-00C04F79EFBC}") = "xCodeBase", "CodeBase\xCodeBase.csproj", "{18F7BC78-4B99-48D3-A1F1-0D13A63E3CF9}"
EndProject
Project("{FAE04EC0-301F-11D3-BF4B-00C04F79EFBC}") = "SparksToothChart", "SparksToothChart\SparksToothChart.csproj", "{033B77F4-2E98-49A7-901F-5F388DEDF83E}"
EndProject
Project("{FAE04EC0-301F-11D3-BF4B-00C04F79EFBC}") = "xODR", "ODR\xODR.csproj", "{84688345-BB6A-4F2F-8672-A82B52FD433B}"
EndProject
Project("{FAE04EC0-301F-11D3-BF4B-00C04F79EFBC}") = "xDatabaseIntegrityCheck", "DatabaseIntegrityCheck\xDatabaseIntegrityCheck.csproj", "{3FB82BFD-6E2A-4CDD-987E-0AC199771BC8}"
EndProject
Project("{FAE04EC0-301F-11D3-BF4B-00C04F79EFBC}") = "OpenDentHL7", "OpenDentHL7\OpenDentHL7.csproj", "{F7F9E047-0E19-4E3E-A7DF-40257CFBD8FC}"
EndProject
Project("{FAE04EC0-301F-11D3-BF4B-00C04F79EFBC}") = "ServiceManager", "ServiceManager\ServiceManager.csproj", "{791A5D15-7B14-4A12-BA78-34604CC10D7C}"
EndProject
Project("{FAE04EC0-301F-11D3-BF4B-00C04F79EFBC}") = "UpdateFileCopier", "UpdateFileCopier\UpdateFileCopier.csproj", "{814E9B5F-DBFA-4506-BAF2-B47112F3FC81}"
EndProject
Project("{FAE04EC0-301F-11D3-BF4B-00C04F79EFBC}") = "OpenDentalServer", "OpenDentalServer\OpenDentalServer.csproj", "{712C6A2B-88E1-49E9-AC67-F6372F0047BC}"
EndProject
Project("{FAE04EC0-301F-11D3-BF4B-00C04F79EFBC}") = "WebCamOD", "WebCamOD\WebCamOD.csproj", "{1202E03D-69C6-4EEE-9DC9-B325C933B519}"
EndProject
Project("{FAE04EC0-301F-11D3-BF4B-00C04F79EFBC}") = "xCentralManager", "CentralManager\xCentralManager.csproj", "{10BFA78E-E5FE-4209-8347-AD0EC8B3F064}"
EndProject
Project("{FAE04EC0-301F-11D3-BF4B-00C04F79EFBC}") = "xEHR", "..\EHR\xEHR.csproj", "{5ABF1D9D-2B93-4217-AFA6-9EECCF6F525F}"
EndProject
Project("{FAE04EC0-301F-11D3-BF4B-00C04F79EFBC}") = "xCrudGenerator", "xCrudGenerator\xCrudGenerator.csproj", "{76227E95-B261-4B6A-A97C-3764E7EDDF97}"
EndProject
Project("{FAE04EC0-301F-11D3-BF4B-00C04F79EFBC}") = "OpenDentalHelp", "..\OpenDentalHelp\OpenDentalHelp\OpenDentalHelp.csproj", "{98B2999C-8A9F-4795-B452-7F6231ED56B4}"
EndProject
Project("{FAE04EC0-301F-11D3-BF4B-00C04F79EFBC}") = "OpenDentalWebCore", "..\OpenDentalWebApps\OpenDentalWebCore\OpenDentalWebCore.csproj", "{E734D539-5EA7-49F3-A777-821237D1094C}"
EndProject
Project("{FAE04EC0-301F-11D3-BF4B-00C04F79EFBC}") = "OpenDentalGraph", "OpenDentalGraph\OpenDentalGraph.csproj", "{015E240B-23FB-4D91-B20C-CE221DDCCB0F}"
EndProject
Project("{FAE04EC0-301F-11D3-BF4B-00C04F79EFBC}") = "OpenDentalCloud", "OpenDentalCloud\OpenDentalCloud.csproj", "{F90D0481-3D97-4C72-AF6E-DD81177E3DE1}"
EndProject
Project("{FAE04EC0-301F-11D3-BF4B-00C04F79EFBC}") = "UnitTestsCore", "UnitTestsCore\UnitTestsCore.csproj", "{7BBDDEDF-C015-43C0-A532-FED224993281}"
EndProject
Project("{FAE04EC0-301F-11D3-BF4B-00C04F79EFBC}") = "xCDT", "..\CDT\xCDT.csproj", "{76BA82E6-D8E1-45B1-8ED6-41D97B8D67EC}"
EndProject
Project("{FAE04EC0-301F-11D3-BF4B-00C04F79EFBC}") = "xODCrypt", "..\ODCrypt\xODCrypt.csproj", "{C37B8157-F665-4EBE-8FD6-20D1C92A0797}"
EndProject
Project("{FAE04EC0-301F-11D3-BF4B-00C04F79EFBC}") = "OpenDentalSocket", "..\OpenDentalWebApps\OpenDentalSocket\OpenDentalSocket.csproj", "{F026A58B-2639-4B49-A1C9-79C0B3FA53E7}"
EndProject
Project("{FAE04EC0-301F-11D3-BF4B-00C04F79EFBC}") = "xDataConnectionBase", "DataConnectionBase\xDataConnectionBase.csproj", "{29C41020-4411-41F2-9061-9B71B5B32B5D}"
EndProject
Project("{FAE04EC0-301F-11D3-BF4B-00C04F79EFBC}") = "VirtualWeb", "..\..\Unversioned\VirtualWeb\VirtualWeb.csproj", "{4ED3DF2F-E97E-4BC3-AE5F-AA31A11AF57F}"
EndProject
Project("{9A19103F-16F7-4668-BE54-9A1E7A4F7556}") = "OpenDentBusiness.ODXam_21_1", "..\OpenDentalWebApps\OpenDentBusiness.ODXam\OpenDentBusiness.ODXam.csproj", "{A839333E-16F2-44EF-A3DD-FE05DE35F29D}"
EndProject
Project("{FAE04EC0-301F-11D3-BF4B-00C04F79EFBC}") = "xMySQLManager", "MySQLManager\xMySQLManager.csproj", "{A5FEDC90-ED1B-4642-AD0C-B736828EE026}"
EndProject
Project("{FAE04EC0-301F-11D3-BF4B-00C04F79EFBC}") = "xSlowQueryLogTool", "SlowQueryLogTool\xSlowQueryLogTool.csproj", "{9689F3C3-7DE7-4249-A02B-B0D5DFD7EA11}"
EndProject
Project("{8BC9CEB8-8B4A-11D0-8D11-00A0C91BC942}") = "xDirect2dWrapper", "Direct2dWrapper\Direct2dWrapper.vcxproj", "{50C36CEE-5A29-4836-8853-6BE157B3DCF3}"
EndProject
Project("{FAE04EC0-301F-11D3-BF4B-00C04F79EFBC}") = "xImagingDeviceManager", "..\ImagingDeviceManager\xImagingDeviceManager.csproj", "{783079E6-A13F-4F43-A28D-9D7731F945D1}"
EndProject
Global
	GlobalSection(SolutionConfigurationPlatforms) = preSolution
		Debug|Any CPU = Debug|Any CPU
		Debug|Mixed Platforms = Debug|Mixed Platforms
		Debug|x86 = Debug|x86
		LinuxRelease|Any CPU = LinuxRelease|Any CPU
		LinuxRelease|Mixed Platforms = LinuxRelease|Mixed Platforms
		LinuxRelease|x86 = LinuxRelease|x86
		Release|Any CPU = Release|Any CPU
		Release|Mixed Platforms = Release|Mixed Platforms
		Release|x86 = Release|x86
		Description = 
	EndGlobalSection
	GlobalSection(ProjectConfigurationPlatforms) = postSolution
		{8136317D-C936-49B6-9E31-D90F02D2F207}.Debug|Any CPU.ActiveCfg = Debug|Any CPU
		{8136317D-C936-49B6-9E31-D90F02D2F207}.Debug|Any CPU.Build.0 = Debug|Any CPU
		{8136317D-C936-49B6-9E31-D90F02D2F207}.Debug|Mixed Platforms.ActiveCfg = Debug|x86
		{8136317D-C936-49B6-9E31-D90F02D2F207}.Debug|Mixed Platforms.Build.0 = Debug|x86
		{8136317D-C936-49B6-9E31-D90F02D2F207}.Debug|x86.ActiveCfg = Debug|x86
		{8136317D-C936-49B6-9E31-D90F02D2F207}.Debug|x86.Build.0 = Debug|x86
		{8136317D-C936-49B6-9E31-D90F02D2F207}.LinuxRelease|Any CPU.ActiveCfg = LinuxRelease|Any CPU
		{8136317D-C936-49B6-9E31-D90F02D2F207}.LinuxRelease|Any CPU.Build.0 = LinuxRelease|Any CPU
		{8136317D-C936-49B6-9E31-D90F02D2F207}.LinuxRelease|Mixed Platforms.ActiveCfg = LinuxRelease|x86
		{8136317D-C936-49B6-9E31-D90F02D2F207}.LinuxRelease|Mixed Platforms.Build.0 = LinuxRelease|x86
		{8136317D-C936-49B6-9E31-D90F02D2F207}.LinuxRelease|x86.ActiveCfg = LinuxRelease|x86
		{8136317D-C936-49B6-9E31-D90F02D2F207}.LinuxRelease|x86.Build.0 = LinuxRelease|x86
		{8136317D-C936-49B6-9E31-D90F02D2F207}.Release|Any CPU.ActiveCfg = Release|Any CPU
		{8136317D-C936-49B6-9E31-D90F02D2F207}.Release|Any CPU.Build.0 = Release|Any CPU
		{8136317D-C936-49B6-9E31-D90F02D2F207}.Release|Mixed Platforms.ActiveCfg = Release|x86
		{8136317D-C936-49B6-9E31-D90F02D2F207}.Release|Mixed Platforms.Build.0 = Release|x86
		{8136317D-C936-49B6-9E31-D90F02D2F207}.Release|x86.ActiveCfg = Release|x86
		{8136317D-C936-49B6-9E31-D90F02D2F207}.Release|x86.Build.0 = Release|x86
		{3D0FC76E-803C-4DE2-BDB1-47D63A4E2357}.Debug|Any CPU.ActiveCfg = Debug|Any CPU
		{3D0FC76E-803C-4DE2-BDB1-47D63A4E2357}.Debug|Any CPU.Build.0 = Debug|Any CPU
		{3D0FC76E-803C-4DE2-BDB1-47D63A4E2357}.Debug|Mixed Platforms.ActiveCfg = Debug|x86
		{3D0FC76E-803C-4DE2-BDB1-47D63A4E2357}.Debug|Mixed Platforms.Build.0 = Debug|x86
		{3D0FC76E-803C-4DE2-BDB1-47D63A4E2357}.Debug|x86.ActiveCfg = Debug|x86
		{3D0FC76E-803C-4DE2-BDB1-47D63A4E2357}.Debug|x86.Build.0 = Debug|x86
		{3D0FC76E-803C-4DE2-BDB1-47D63A4E2357}.LinuxRelease|Any CPU.ActiveCfg = LinuxRelease|Any CPU
		{3D0FC76E-803C-4DE2-BDB1-47D63A4E2357}.LinuxRelease|Any CPU.Build.0 = LinuxRelease|Any CPU
		{3D0FC76E-803C-4DE2-BDB1-47D63A4E2357}.LinuxRelease|Mixed Platforms.ActiveCfg = LinuxRelease|x86
		{3D0FC76E-803C-4DE2-BDB1-47D63A4E2357}.LinuxRelease|Mixed Platforms.Build.0 = LinuxRelease|x86
		{3D0FC76E-803C-4DE2-BDB1-47D63A4E2357}.LinuxRelease|x86.ActiveCfg = LinuxRelease|x86
		{3D0FC76E-803C-4DE2-BDB1-47D63A4E2357}.LinuxRelease|x86.Build.0 = LinuxRelease|x86
		{3D0FC76E-803C-4DE2-BDB1-47D63A4E2357}.Release|Any CPU.ActiveCfg = Release|Any CPU
		{3D0FC76E-803C-4DE2-BDB1-47D63A4E2357}.Release|Any CPU.Build.0 = Release|Any CPU
		{3D0FC76E-803C-4DE2-BDB1-47D63A4E2357}.Release|Mixed Platforms.ActiveCfg = Release|x86
		{3D0FC76E-803C-4DE2-BDB1-47D63A4E2357}.Release|Mixed Platforms.Build.0 = Release|x86
		{3D0FC76E-803C-4DE2-BDB1-47D63A4E2357}.Release|x86.ActiveCfg = Release|x86
		{3D0FC76E-803C-4DE2-BDB1-47D63A4E2357}.Release|x86.Build.0 = Release|x86
		{7069E361-5105-4A13-8D66-5D528B582BA6}.Debug|Any CPU.ActiveCfg = Debug|Any CPU
		{7069E361-5105-4A13-8D66-5D528B582BA6}.Debug|Mixed Platforms.ActiveCfg = Debug|x86
		{7069E361-5105-4A13-8D66-5D528B582BA6}.Debug|Mixed Platforms.Build.0 = Debug|x86
		{7069E361-5105-4A13-8D66-5D528B582BA6}.Debug|x86.ActiveCfg = Debug|x86
		{7069E361-5105-4A13-8D66-5D528B582BA6}.Debug|x86.Build.0 = Debug|x86
		{7069E361-5105-4A13-8D66-5D528B582BA6}.LinuxRelease|Any CPU.ActiveCfg = LinuxRelease|Any CPU
		{7069E361-5105-4A13-8D66-5D528B582BA6}.LinuxRelease|Any CPU.Build.0 = LinuxRelease|Any CPU
		{7069E361-5105-4A13-8D66-5D528B582BA6}.LinuxRelease|Mixed Platforms.ActiveCfg = LinuxRelease|x86
		{7069E361-5105-4A13-8D66-5D528B582BA6}.LinuxRelease|Mixed Platforms.Build.0 = LinuxRelease|x86
		{7069E361-5105-4A13-8D66-5D528B582BA6}.LinuxRelease|x86.ActiveCfg = LinuxRelease|x86
		{7069E361-5105-4A13-8D66-5D528B582BA6}.LinuxRelease|x86.Build.0 = LinuxRelease|x86
		{7069E361-5105-4A13-8D66-5D528B582BA6}.Release|Any CPU.ActiveCfg = Release|Any CPU
		{7069E361-5105-4A13-8D66-5D528B582BA6}.Release|Any CPU.Build.0 = Release|Any CPU
		{7069E361-5105-4A13-8D66-5D528B582BA6}.Release|Mixed Platforms.ActiveCfg = Release|x86
		{7069E361-5105-4A13-8D66-5D528B582BA6}.Release|Mixed Platforms.Build.0 = Release|x86
		{7069E361-5105-4A13-8D66-5D528B582BA6}.Release|x86.ActiveCfg = Release|x86
		{7069E361-5105-4A13-8D66-5D528B582BA6}.Release|x86.Build.0 = Release|x86
		{18F7BC78-4B99-48D3-A1F1-0D13A63E3CF9}.Debug|Any CPU.ActiveCfg = Debug|Any CPU
		{18F7BC78-4B99-48D3-A1F1-0D13A63E3CF9}.Debug|Any CPU.Build.0 = Debug|Any CPU
		{18F7BC78-4B99-48D3-A1F1-0D13A63E3CF9}.Debug|Mixed Platforms.ActiveCfg = Debug|x86
		{18F7BC78-4B99-48D3-A1F1-0D13A63E3CF9}.Debug|Mixed Platforms.Build.0 = Debug|x86
		{18F7BC78-4B99-48D3-A1F1-0D13A63E3CF9}.Debug|x86.ActiveCfg = Debug|x86
		{18F7BC78-4B99-48D3-A1F1-0D13A63E3CF9}.Debug|x86.Build.0 = Debug|x86
		{18F7BC78-4B99-48D3-A1F1-0D13A63E3CF9}.LinuxRelease|Any CPU.ActiveCfg = LinuxRelease|Any CPU
		{18F7BC78-4B99-48D3-A1F1-0D13A63E3CF9}.LinuxRelease|Any CPU.Build.0 = LinuxRelease|Any CPU
		{18F7BC78-4B99-48D3-A1F1-0D13A63E3CF9}.LinuxRelease|Mixed Platforms.ActiveCfg = LinuxRelease|x86
		{18F7BC78-4B99-48D3-A1F1-0D13A63E3CF9}.LinuxRelease|Mixed Platforms.Build.0 = LinuxRelease|x86
		{18F7BC78-4B99-48D3-A1F1-0D13A63E3CF9}.LinuxRelease|x86.ActiveCfg = LinuxRelease|x86
		{18F7BC78-4B99-48D3-A1F1-0D13A63E3CF9}.LinuxRelease|x86.Build.0 = LinuxRelease|x86
		{18F7BC78-4B99-48D3-A1F1-0D13A63E3CF9}.Release|Any CPU.ActiveCfg = Release|Any CPU
		{18F7BC78-4B99-48D3-A1F1-0D13A63E3CF9}.Release|Any CPU.Build.0 = Release|Any CPU
		{18F7BC78-4B99-48D3-A1F1-0D13A63E3CF9}.Release|Mixed Platforms.ActiveCfg = Release|x86
		{18F7BC78-4B99-48D3-A1F1-0D13A63E3CF9}.Release|Mixed Platforms.Build.0 = Release|x86
		{18F7BC78-4B99-48D3-A1F1-0D13A63E3CF9}.Release|x86.ActiveCfg = Release|x86
		{18F7BC78-4B99-48D3-A1F1-0D13A63E3CF9}.Release|x86.Build.0 = Release|x86
		{033B77F4-2E98-49A7-901F-5F388DEDF83E}.Debug|Any CPU.ActiveCfg = Debug|Any CPU
		{033B77F4-2E98-49A7-901F-5F388DEDF83E}.Debug|Any CPU.Build.0 = Debug|Any CPU
		{033B77F4-2E98-49A7-901F-5F388DEDF83E}.Debug|Mixed Platforms.ActiveCfg = Debug|x86
		{033B77F4-2E98-49A7-901F-5F388DEDF83E}.Debug|Mixed Platforms.Build.0 = Debug|x86
		{033B77F4-2E98-49A7-901F-5F388DEDF83E}.Debug|x86.ActiveCfg = Debug|x86
		{033B77F4-2E98-49A7-901F-5F388DEDF83E}.Debug|x86.Build.0 = Debug|x86
		{033B77F4-2E98-49A7-901F-5F388DEDF83E}.LinuxRelease|Any CPU.ActiveCfg = LinuxRelease|Any CPU
		{033B77F4-2E98-49A7-901F-5F388DEDF83E}.LinuxRelease|Any CPU.Build.0 = LinuxRelease|Any CPU
		{033B77F4-2E98-49A7-901F-5F388DEDF83E}.LinuxRelease|Mixed Platforms.ActiveCfg = LinuxRelease|x86
		{033B77F4-2E98-49A7-901F-5F388DEDF83E}.LinuxRelease|Mixed Platforms.Build.0 = LinuxRelease|x86
		{033B77F4-2E98-49A7-901F-5F388DEDF83E}.LinuxRelease|x86.ActiveCfg = LinuxRelease|x86
		{033B77F4-2E98-49A7-901F-5F388DEDF83E}.LinuxRelease|x86.Build.0 = LinuxRelease|x86
		{033B77F4-2E98-49A7-901F-5F388DEDF83E}.Release|Any CPU.ActiveCfg = Release|Any CPU
		{033B77F4-2E98-49A7-901F-5F388DEDF83E}.Release|Any CPU.Build.0 = Release|Any CPU
		{033B77F4-2E98-49A7-901F-5F388DEDF83E}.Release|Mixed Platforms.ActiveCfg = Release|x86
		{033B77F4-2E98-49A7-901F-5F388DEDF83E}.Release|Mixed Platforms.Build.0 = Release|x86
		{033B77F4-2E98-49A7-901F-5F388DEDF83E}.Release|x86.ActiveCfg = Release|x86
		{033B77F4-2E98-49A7-901F-5F388DEDF83E}.Release|x86.Build.0 = Release|x86
		{84688345-BB6A-4F2F-8672-A82B52FD433B}.Debug|Any CPU.ActiveCfg = Debug|Any CPU
		{84688345-BB6A-4F2F-8672-A82B52FD433B}.Debug|Any CPU.Build.0 = Debug|Any CPU
		{84688345-BB6A-4F2F-8672-A82B52FD433B}.Debug|Mixed Platforms.ActiveCfg = Debug|x86
		{84688345-BB6A-4F2F-8672-A82B52FD433B}.Debug|Mixed Platforms.Build.0 = Debug|x86
		{84688345-BB6A-4F2F-8672-A82B52FD433B}.Debug|x86.ActiveCfg = Debug|x86
		{84688345-BB6A-4F2F-8672-A82B52FD433B}.Debug|x86.Build.0 = Debug|x86
		{84688345-BB6A-4F2F-8672-A82B52FD433B}.LinuxRelease|Any CPU.ActiveCfg = LinuxRelease|Any CPU
		{84688345-BB6A-4F2F-8672-A82B52FD433B}.LinuxRelease|Any CPU.Build.0 = LinuxRelease|Any CPU
		{84688345-BB6A-4F2F-8672-A82B52FD433B}.LinuxRelease|Mixed Platforms.ActiveCfg = LinuxRelease|x86
		{84688345-BB6A-4F2F-8672-A82B52FD433B}.LinuxRelease|Mixed Platforms.Build.0 = LinuxRelease|x86
		{84688345-BB6A-4F2F-8672-A82B52FD433B}.LinuxRelease|x86.ActiveCfg = LinuxRelease|x86
		{84688345-BB6A-4F2F-8672-A82B52FD433B}.LinuxRelease|x86.Build.0 = LinuxRelease|x86
		{84688345-BB6A-4F2F-8672-A82B52FD433B}.Release|Any CPU.ActiveCfg = Release|Any CPU
		{84688345-BB6A-4F2F-8672-A82B52FD433B}.Release|Any CPU.Build.0 = Release|Any CPU
		{84688345-BB6A-4F2F-8672-A82B52FD433B}.Release|Mixed Platforms.ActiveCfg = Release|x86
		{84688345-BB6A-4F2F-8672-A82B52FD433B}.Release|Mixed Platforms.Build.0 = Release|x86
		{84688345-BB6A-4F2F-8672-A82B52FD433B}.Release|x86.ActiveCfg = Release|x86
		{84688345-BB6A-4F2F-8672-A82B52FD433B}.Release|x86.Build.0 = Release|x86
		{3FB82BFD-6E2A-4CDD-987E-0AC199771BC8}.Debug|Any CPU.ActiveCfg = Debug|Any CPU
		{3FB82BFD-6E2A-4CDD-987E-0AC199771BC8}.Debug|Any CPU.Build.0 = Debug|Any CPU
		{3FB82BFD-6E2A-4CDD-987E-0AC199771BC8}.Debug|Mixed Platforms.ActiveCfg = Debug|x86
		{3FB82BFD-6E2A-4CDD-987E-0AC199771BC8}.Debug|Mixed Platforms.Build.0 = Debug|x86
		{3FB82BFD-6E2A-4CDD-987E-0AC199771BC8}.Debug|x86.ActiveCfg = Debug|x86
		{3FB82BFD-6E2A-4CDD-987E-0AC199771BC8}.Debug|x86.Build.0 = Debug|x86
		{3FB82BFD-6E2A-4CDD-987E-0AC199771BC8}.LinuxRelease|Any CPU.ActiveCfg = LinuxRelease|Any CPU
		{3FB82BFD-6E2A-4CDD-987E-0AC199771BC8}.LinuxRelease|Any CPU.Build.0 = LinuxRelease|Any CPU
		{3FB82BFD-6E2A-4CDD-987E-0AC199771BC8}.LinuxRelease|Mixed Platforms.ActiveCfg = LinuxRelease|x86
		{3FB82BFD-6E2A-4CDD-987E-0AC199771BC8}.LinuxRelease|Mixed Platforms.Build.0 = LinuxRelease|x86
		{3FB82BFD-6E2A-4CDD-987E-0AC199771BC8}.LinuxRelease|x86.ActiveCfg = LinuxRelease|x86
		{3FB82BFD-6E2A-4CDD-987E-0AC199771BC8}.LinuxRelease|x86.Build.0 = LinuxRelease|x86
		{3FB82BFD-6E2A-4CDD-987E-0AC199771BC8}.Release|Any CPU.ActiveCfg = Release|Any CPU
		{3FB82BFD-6E2A-4CDD-987E-0AC199771BC8}.Release|Any CPU.Build.0 = Release|Any CPU
		{3FB82BFD-6E2A-4CDD-987E-0AC199771BC8}.Release|Mixed Platforms.ActiveCfg = Release|x86
		{3FB82BFD-6E2A-4CDD-987E-0AC199771BC8}.Release|Mixed Platforms.Build.0 = Release|x86
		{3FB82BFD-6E2A-4CDD-987E-0AC199771BC8}.Release|x86.ActiveCfg = Release|x86
		{3FB82BFD-6E2A-4CDD-987E-0AC199771BC8}.Release|x86.Build.0 = Release|x86
		{F7F9E047-0E19-4E3E-A7DF-40257CFBD8FC}.Debug|Any CPU.ActiveCfg = Debug|Any CPU
		{F7F9E047-0E19-4E3E-A7DF-40257CFBD8FC}.Debug|Any CPU.Build.0 = Debug|Any CPU
		{F7F9E047-0E19-4E3E-A7DF-40257CFBD8FC}.Debug|Mixed Platforms.ActiveCfg = Debug|x86
		{F7F9E047-0E19-4E3E-A7DF-40257CFBD8FC}.Debug|Mixed Platforms.Build.0 = Debug|x86
		{F7F9E047-0E19-4E3E-A7DF-40257CFBD8FC}.Debug|x86.ActiveCfg = Debug|x86
		{F7F9E047-0E19-4E3E-A7DF-40257CFBD8FC}.Debug|x86.Build.0 = Debug|x86
		{F7F9E047-0E19-4E3E-A7DF-40257CFBD8FC}.LinuxRelease|Any CPU.ActiveCfg = Release|Any CPU
		{F7F9E047-0E19-4E3E-A7DF-40257CFBD8FC}.LinuxRelease|Any CPU.Build.0 = Release|Any CPU
		{F7F9E047-0E19-4E3E-A7DF-40257CFBD8FC}.LinuxRelease|Mixed Platforms.ActiveCfg = Release|x86
		{F7F9E047-0E19-4E3E-A7DF-40257CFBD8FC}.LinuxRelease|Mixed Platforms.Build.0 = Release|x86
		{F7F9E047-0E19-4E3E-A7DF-40257CFBD8FC}.LinuxRelease|x86.ActiveCfg = Release|x86
		{F7F9E047-0E19-4E3E-A7DF-40257CFBD8FC}.LinuxRelease|x86.Build.0 = Release|x86
		{F7F9E047-0E19-4E3E-A7DF-40257CFBD8FC}.Release|Any CPU.ActiveCfg = Release|Any CPU
		{F7F9E047-0E19-4E3E-A7DF-40257CFBD8FC}.Release|Any CPU.Build.0 = Release|Any CPU
		{F7F9E047-0E19-4E3E-A7DF-40257CFBD8FC}.Release|Mixed Platforms.ActiveCfg = Release|x86
		{F7F9E047-0E19-4E3E-A7DF-40257CFBD8FC}.Release|Mixed Platforms.Build.0 = Release|x86
		{F7F9E047-0E19-4E3E-A7DF-40257CFBD8FC}.Release|x86.ActiveCfg = Release|x86
		{F7F9E047-0E19-4E3E-A7DF-40257CFBD8FC}.Release|x86.Build.0 = Release|x86
		{791A5D15-7B14-4A12-BA78-34604CC10D7C}.Debug|Any CPU.ActiveCfg = Debug|Any CPU
		{791A5D15-7B14-4A12-BA78-34604CC10D7C}.Debug|Any CPU.Build.0 = Debug|Any CPU
		{791A5D15-7B14-4A12-BA78-34604CC10D7C}.Debug|Mixed Platforms.ActiveCfg = Debug|x86
		{791A5D15-7B14-4A12-BA78-34604CC10D7C}.Debug|Mixed Platforms.Build.0 = Debug|x86
		{791A5D15-7B14-4A12-BA78-34604CC10D7C}.Debug|x86.ActiveCfg = Debug|x86
		{791A5D15-7B14-4A12-BA78-34604CC10D7C}.Debug|x86.Build.0 = Debug|x86
		{791A5D15-7B14-4A12-BA78-34604CC10D7C}.LinuxRelease|Any CPU.ActiveCfg = Release|Any CPU
		{791A5D15-7B14-4A12-BA78-34604CC10D7C}.LinuxRelease|Any CPU.Build.0 = Release|Any CPU
		{791A5D15-7B14-4A12-BA78-34604CC10D7C}.LinuxRelease|Mixed Platforms.ActiveCfg = Release|x86
		{791A5D15-7B14-4A12-BA78-34604CC10D7C}.LinuxRelease|Mixed Platforms.Build.0 = Release|x86
		{791A5D15-7B14-4A12-BA78-34604CC10D7C}.LinuxRelease|x86.ActiveCfg = Release|x86
		{791A5D15-7B14-4A12-BA78-34604CC10D7C}.LinuxRelease|x86.Build.0 = Release|x86
		{791A5D15-7B14-4A12-BA78-34604CC10D7C}.Release|Any CPU.ActiveCfg = Release|Any CPU
		{791A5D15-7B14-4A12-BA78-34604CC10D7C}.Release|Any CPU.Build.0 = Release|Any CPU
		{791A5D15-7B14-4A12-BA78-34604CC10D7C}.Release|Mixed Platforms.ActiveCfg = Release|x86
		{791A5D15-7B14-4A12-BA78-34604CC10D7C}.Release|Mixed Platforms.Build.0 = Release|x86
		{791A5D15-7B14-4A12-BA78-34604CC10D7C}.Release|x86.ActiveCfg = Release|x86
		{791A5D15-7B14-4A12-BA78-34604CC10D7C}.Release|x86.Build.0 = Release|x86
		{814E9B5F-DBFA-4506-BAF2-B47112F3FC81}.Debug|Any CPU.ActiveCfg = Debug|Any CPU
		{814E9B5F-DBFA-4506-BAF2-B47112F3FC81}.Debug|Any CPU.Build.0 = Debug|Any CPU
		{814E9B5F-DBFA-4506-BAF2-B47112F3FC81}.Debug|Mixed Platforms.ActiveCfg = Debug|x86
		{814E9B5F-DBFA-4506-BAF2-B47112F3FC81}.Debug|Mixed Platforms.Build.0 = Debug|x86
		{814E9B5F-DBFA-4506-BAF2-B47112F3FC81}.Debug|x86.ActiveCfg = Debug|x86
		{814E9B5F-DBFA-4506-BAF2-B47112F3FC81}.Debug|x86.Build.0 = Debug|x86
		{814E9B5F-DBFA-4506-BAF2-B47112F3FC81}.LinuxRelease|Any CPU.ActiveCfg = Release|Any CPU
		{814E9B5F-DBFA-4506-BAF2-B47112F3FC81}.LinuxRelease|Any CPU.Build.0 = Release|Any CPU
		{814E9B5F-DBFA-4506-BAF2-B47112F3FC81}.LinuxRelease|Mixed Platforms.ActiveCfg = Release|x86
		{814E9B5F-DBFA-4506-BAF2-B47112F3FC81}.LinuxRelease|Mixed Platforms.Build.0 = Release|x86
		{814E9B5F-DBFA-4506-BAF2-B47112F3FC81}.LinuxRelease|x86.ActiveCfg = Release|x86
		{814E9B5F-DBFA-4506-BAF2-B47112F3FC81}.LinuxRelease|x86.Build.0 = Release|x86
		{814E9B5F-DBFA-4506-BAF2-B47112F3FC81}.Release|Any CPU.ActiveCfg = Release|Any CPU
		{814E9B5F-DBFA-4506-BAF2-B47112F3FC81}.Release|Any CPU.Build.0 = Release|Any CPU
		{814E9B5F-DBFA-4506-BAF2-B47112F3FC81}.Release|Mixed Platforms.ActiveCfg = Release|x86
		{814E9B5F-DBFA-4506-BAF2-B47112F3FC81}.Release|Mixed Platforms.Build.0 = Release|x86
		{814E9B5F-DBFA-4506-BAF2-B47112F3FC81}.Release|x86.ActiveCfg = Release|x86
		{814E9B5F-DBFA-4506-BAF2-B47112F3FC81}.Release|x86.Build.0 = Release|x86
		{712C6A2B-88E1-49E9-AC67-F6372F0047BC}.Debug|Any CPU.ActiveCfg = Debug|Any CPU
		{712C6A2B-88E1-49E9-AC67-F6372F0047BC}.Debug|Any CPU.Build.0 = Debug|Any CPU
		{712C6A2B-88E1-49E9-AC67-F6372F0047BC}.Debug|Mixed Platforms.ActiveCfg = Debug|x86
		{712C6A2B-88E1-49E9-AC67-F6372F0047BC}.Debug|Mixed Platforms.Build.0 = Debug|x86
		{712C6A2B-88E1-49E9-AC67-F6372F0047BC}.Debug|x86.ActiveCfg = Debug|x86
		{712C6A2B-88E1-49E9-AC67-F6372F0047BC}.Debug|x86.Build.0 = Debug|x86
		{712C6A2B-88E1-49E9-AC67-F6372F0047BC}.LinuxRelease|Any CPU.ActiveCfg = Release|Any CPU
		{712C6A2B-88E1-49E9-AC67-F6372F0047BC}.LinuxRelease|Any CPU.Build.0 = Release|Any CPU
		{712C6A2B-88E1-49E9-AC67-F6372F0047BC}.LinuxRelease|Mixed Platforms.ActiveCfg = Release|x86
		{712C6A2B-88E1-49E9-AC67-F6372F0047BC}.LinuxRelease|Mixed Platforms.Build.0 = Release|x86
		{712C6A2B-88E1-49E9-AC67-F6372F0047BC}.LinuxRelease|x86.ActiveCfg = Release|x86
		{712C6A2B-88E1-49E9-AC67-F6372F0047BC}.LinuxRelease|x86.Build.0 = Release|x86
		{712C6A2B-88E1-49E9-AC67-F6372F0047BC}.Release|Any CPU.ActiveCfg = Release|Any CPU
		{712C6A2B-88E1-49E9-AC67-F6372F0047BC}.Release|Any CPU.Build.0 = Release|Any CPU
		{712C6A2B-88E1-49E9-AC67-F6372F0047BC}.Release|Mixed Platforms.ActiveCfg = Release|x86
		{712C6A2B-88E1-49E9-AC67-F6372F0047BC}.Release|Mixed Platforms.Build.0 = Release|x86
		{712C6A2B-88E1-49E9-AC67-F6372F0047BC}.Release|x86.ActiveCfg = Release|x86
		{712C6A2B-88E1-49E9-AC67-F6372F0047BC}.Release|x86.Build.0 = Release|x86
		{1202E03D-69C6-4EEE-9DC9-B325C933B519}.Debug|Any CPU.ActiveCfg = Debug|Any CPU
		{1202E03D-69C6-4EEE-9DC9-B325C933B519}.Debug|Any CPU.Build.0 = Debug|Any CPU
		{1202E03D-69C6-4EEE-9DC9-B325C933B519}.Debug|Mixed Platforms.ActiveCfg = Debug|x86
		{1202E03D-69C6-4EEE-9DC9-B325C933B519}.Debug|Mixed Platforms.Build.0 = Debug|x86
		{1202E03D-69C6-4EEE-9DC9-B325C933B519}.Debug|x86.ActiveCfg = Debug|x86
		{1202E03D-69C6-4EEE-9DC9-B325C933B519}.Debug|x86.Build.0 = Debug|x86
		{1202E03D-69C6-4EEE-9DC9-B325C933B519}.LinuxRelease|Any CPU.ActiveCfg = Release|Any CPU
		{1202E03D-69C6-4EEE-9DC9-B325C933B519}.LinuxRelease|Any CPU.Build.0 = Release|Any CPU
		{1202E03D-69C6-4EEE-9DC9-B325C933B519}.LinuxRelease|Mixed Platforms.ActiveCfg = Release|x86
		{1202E03D-69C6-4EEE-9DC9-B325C933B519}.LinuxRelease|Mixed Platforms.Build.0 = Release|x86
		{1202E03D-69C6-4EEE-9DC9-B325C933B519}.LinuxRelease|x86.ActiveCfg = Release|x86
		{1202E03D-69C6-4EEE-9DC9-B325C933B519}.LinuxRelease|x86.Build.0 = Release|x86
		{1202E03D-69C6-4EEE-9DC9-B325C933B519}.Release|Any CPU.ActiveCfg = Release|Any CPU
		{1202E03D-69C6-4EEE-9DC9-B325C933B519}.Release|Any CPU.Build.0 = Release|Any CPU
		{1202E03D-69C6-4EEE-9DC9-B325C933B519}.Release|Mixed Platforms.ActiveCfg = Release|x86
		{1202E03D-69C6-4EEE-9DC9-B325C933B519}.Release|Mixed Platforms.Build.0 = Release|x86
		{1202E03D-69C6-4EEE-9DC9-B325C933B519}.Release|x86.ActiveCfg = Release|x86
		{1202E03D-69C6-4EEE-9DC9-B325C933B519}.Release|x86.Build.0 = Release|x86
		{10BFA78E-E5FE-4209-8347-AD0EC8B3F064}.Debug|Any CPU.ActiveCfg = Debug|x86
		{10BFA78E-E5FE-4209-8347-AD0EC8B3F064}.Debug|Mixed Platforms.ActiveCfg = Debug|x86
		{10BFA78E-E5FE-4209-8347-AD0EC8B3F064}.Debug|Mixed Platforms.Build.0 = Debug|x86
		{10BFA78E-E5FE-4209-8347-AD0EC8B3F064}.Debug|x86.ActiveCfg = Debug|x86
		{10BFA78E-E5FE-4209-8347-AD0EC8B3F064}.Debug|x86.Build.0 = Debug|x86
		{10BFA78E-E5FE-4209-8347-AD0EC8B3F064}.LinuxRelease|Any CPU.ActiveCfg = Release|x86
		{10BFA78E-E5FE-4209-8347-AD0EC8B3F064}.LinuxRelease|Mixed Platforms.ActiveCfg = Release|x86
		{10BFA78E-E5FE-4209-8347-AD0EC8B3F064}.LinuxRelease|Mixed Platforms.Build.0 = Release|x86
		{10BFA78E-E5FE-4209-8347-AD0EC8B3F064}.LinuxRelease|x86.ActiveCfg = Release|x86
		{10BFA78E-E5FE-4209-8347-AD0EC8B3F064}.LinuxRelease|x86.Build.0 = Release|x86
		{10BFA78E-E5FE-4209-8347-AD0EC8B3F064}.Release|Any CPU.ActiveCfg = Release|x86
		{10BFA78E-E5FE-4209-8347-AD0EC8B3F064}.Release|Mixed Platforms.ActiveCfg = Release|x86
		{10BFA78E-E5FE-4209-8347-AD0EC8B3F064}.Release|Mixed Platforms.Build.0 = Release|x86
		{10BFA78E-E5FE-4209-8347-AD0EC8B3F064}.Release|x86.ActiveCfg = Release|x86
		{10BFA78E-E5FE-4209-8347-AD0EC8B3F064}.Release|x86.Build.0 = Release|x86
		{5ABF1D9D-2B93-4217-AFA6-9EECCF6F525F}.Debug|Any CPU.ActiveCfg = Debug|Any CPU
		{5ABF1D9D-2B93-4217-AFA6-9EECCF6F525F}.Debug|Any CPU.Build.0 = Debug|Any CPU
		{5ABF1D9D-2B93-4217-AFA6-9EECCF6F525F}.Debug|Mixed Platforms.ActiveCfg = Debug|x86
		{5ABF1D9D-2B93-4217-AFA6-9EECCF6F525F}.Debug|Mixed Platforms.Build.0 = Debug|x86
		{5ABF1D9D-2B93-4217-AFA6-9EECCF6F525F}.Debug|x86.ActiveCfg = Debug|x86
		{5ABF1D9D-2B93-4217-AFA6-9EECCF6F525F}.Debug|x86.Build.0 = Debug|x86
		{5ABF1D9D-2B93-4217-AFA6-9EECCF6F525F}.LinuxRelease|Any CPU.ActiveCfg = Release|Any CPU
		{5ABF1D9D-2B93-4217-AFA6-9EECCF6F525F}.LinuxRelease|Any CPU.Build.0 = Release|Any CPU
		{5ABF1D9D-2B93-4217-AFA6-9EECCF6F525F}.LinuxRelease|Mixed Platforms.ActiveCfg = Release|x86
		{5ABF1D9D-2B93-4217-AFA6-9EECCF6F525F}.LinuxRelease|Mixed Platforms.Build.0 = Release|x86
		{5ABF1D9D-2B93-4217-AFA6-9EECCF6F525F}.LinuxRelease|x86.ActiveCfg = Release|x86
		{5ABF1D9D-2B93-4217-AFA6-9EECCF6F525F}.LinuxRelease|x86.Build.0 = Release|x86
		{5ABF1D9D-2B93-4217-AFA6-9EECCF6F525F}.Release|Any CPU.ActiveCfg = Release|Any CPU
		{5ABF1D9D-2B93-4217-AFA6-9EECCF6F525F}.Release|Any CPU.Build.0 = Release|Any CPU
		{5ABF1D9D-2B93-4217-AFA6-9EECCF6F525F}.Release|Mixed Platforms.ActiveCfg = Release|x86
		{5ABF1D9D-2B93-4217-AFA6-9EECCF6F525F}.Release|Mixed Platforms.Build.0 = Release|x86
		{5ABF1D9D-2B93-4217-AFA6-9EECCF6F525F}.Release|x86.ActiveCfg = Release|x86
		{5ABF1D9D-2B93-4217-AFA6-9EECCF6F525F}.Release|x86.Build.0 = Release|x86
		{76227E95-B261-4B6A-A97C-3764E7EDDF97}.Debug|Any CPU.ActiveCfg = Debug|Any CPU
		{76227E95-B261-4B6A-A97C-3764E7EDDF97}.Debug|Any CPU.Build.0 = Debug|Any CPU
		{76227E95-B261-4B6A-A97C-3764E7EDDF97}.Debug|Mixed Platforms.ActiveCfg = Debug|x86
		{76227E95-B261-4B6A-A97C-3764E7EDDF97}.Debug|Mixed Platforms.Build.0 = Debug|x86
		{76227E95-B261-4B6A-A97C-3764E7EDDF97}.Debug|x86.ActiveCfg = Debug|x86
		{76227E95-B261-4B6A-A97C-3764E7EDDF97}.Debug|x86.Build.0 = Debug|x86
		{76227E95-B261-4B6A-A97C-3764E7EDDF97}.LinuxRelease|Any CPU.ActiveCfg = Release|Any CPU
		{76227E95-B261-4B6A-A97C-3764E7EDDF97}.LinuxRelease|Any CPU.Build.0 = Release|Any CPU
		{76227E95-B261-4B6A-A97C-3764E7EDDF97}.LinuxRelease|Mixed Platforms.ActiveCfg = Release|x86
		{76227E95-B261-4B6A-A97C-3764E7EDDF97}.LinuxRelease|Mixed Platforms.Build.0 = Release|x86
		{76227E95-B261-4B6A-A97C-3764E7EDDF97}.LinuxRelease|x86.ActiveCfg = Release|x86
		{76227E95-B261-4B6A-A97C-3764E7EDDF97}.LinuxRelease|x86.Build.0 = Release|x86
		{76227E95-B261-4B6A-A97C-3764E7EDDF97}.Release|Any CPU.ActiveCfg = Release|Any CPU
		{76227E95-B261-4B6A-A97C-3764E7EDDF97}.Release|Any CPU.Build.0 = Release|Any CPU
		{76227E95-B261-4B6A-A97C-3764E7EDDF97}.Release|Mixed Platforms.ActiveCfg = Release|x86
		{76227E95-B261-4B6A-A97C-3764E7EDDF97}.Release|Mixed Platforms.Build.0 = Release|x86
		{76227E95-B261-4B6A-A97C-3764E7EDDF97}.Release|x86.ActiveCfg = Release|x86
		{76227E95-B261-4B6A-A97C-3764E7EDDF97}.Release|x86.Build.0 = Release|x86
		{98B2999C-8A9F-4795-B452-7F6231ED56B4}.Debug|Any CPU.ActiveCfg = Debug|Any CPU
		{98B2999C-8A9F-4795-B452-7F6231ED56B4}.Debug|Any CPU.Build.0 = Debug|Any CPU
		{98B2999C-8A9F-4795-B452-7F6231ED56B4}.Debug|Mixed Platforms.ActiveCfg = Debug|Any CPU
		{98B2999C-8A9F-4795-B452-7F6231ED56B4}.Debug|Mixed Platforms.Build.0 = Debug|Any CPU
		{98B2999C-8A9F-4795-B452-7F6231ED56B4}.Debug|x86.ActiveCfg = Debug|x86
		{98B2999C-8A9F-4795-B452-7F6231ED56B4}.Debug|x86.Build.0 = Debug|x86
		{98B2999C-8A9F-4795-B452-7F6231ED56B4}.LinuxRelease|Any CPU.ActiveCfg = Release|Any CPU
		{98B2999C-8A9F-4795-B452-7F6231ED56B4}.LinuxRelease|Any CPU.Build.0 = Release|Any CPU
		{98B2999C-8A9F-4795-B452-7F6231ED56B4}.LinuxRelease|Mixed Platforms.ActiveCfg = Release|Any CPU
		{98B2999C-8A9F-4795-B452-7F6231ED56B4}.LinuxRelease|Mixed Platforms.Build.0 = Release|Any CPU
		{98B2999C-8A9F-4795-B452-7F6231ED56B4}.LinuxRelease|x86.ActiveCfg = Release|Any CPU
		{98B2999C-8A9F-4795-B452-7F6231ED56B4}.Release|Any CPU.ActiveCfg = Release|Any CPU
		{98B2999C-8A9F-4795-B452-7F6231ED56B4}.Release|Any CPU.Build.0 = Release|Any CPU
		{98B2999C-8A9F-4795-B452-7F6231ED56B4}.Release|Mixed Platforms.ActiveCfg = Release|Any CPU
		{98B2999C-8A9F-4795-B452-7F6231ED56B4}.Release|Mixed Platforms.Build.0 = Release|Any CPU
		{98B2999C-8A9F-4795-B452-7F6231ED56B4}.Release|x86.ActiveCfg = Release|x86
		{98B2999C-8A9F-4795-B452-7F6231ED56B4}.Release|x86.Build.0 = Release|x86
		{E734D539-5EA7-49F3-A777-821237D1094C}.Debug|Any CPU.ActiveCfg = Debug|Any CPU
		{E734D539-5EA7-49F3-A777-821237D1094C}.Debug|Any CPU.Build.0 = Debug|Any CPU
		{E734D539-5EA7-49F3-A777-821237D1094C}.Debug|Mixed Platforms.ActiveCfg = Debug|x86
		{E734D539-5EA7-49F3-A777-821237D1094C}.Debug|Mixed Platforms.Build.0 = Debug|x86
		{E734D539-5EA7-49F3-A777-821237D1094C}.Debug|x86.ActiveCfg = Debug|x86
		{E734D539-5EA7-49F3-A777-821237D1094C}.Debug|x86.Build.0 = Debug|x86
		{E734D539-5EA7-49F3-A777-821237D1094C}.LinuxRelease|Any CPU.ActiveCfg = Release|Any CPU
		{E734D539-5EA7-49F3-A777-821237D1094C}.LinuxRelease|Any CPU.Build.0 = Release|Any CPU
		{E734D539-5EA7-49F3-A777-821237D1094C}.LinuxRelease|Mixed Platforms.ActiveCfg = Release|x86
		{E734D539-5EA7-49F3-A777-821237D1094C}.LinuxRelease|Mixed Platforms.Build.0 = Release|x86
		{E734D539-5EA7-49F3-A777-821237D1094C}.LinuxRelease|x86.ActiveCfg = Release|x86
		{E734D539-5EA7-49F3-A777-821237D1094C}.LinuxRelease|x86.Build.0 = Release|x86
		{E734D539-5EA7-49F3-A777-821237D1094C}.Release|Any CPU.ActiveCfg = Release|Any CPU
		{E734D539-5EA7-49F3-A777-821237D1094C}.Release|Any CPU.Build.0 = Release|Any CPU
		{E734D539-5EA7-49F3-A777-821237D1094C}.Release|Mixed Platforms.ActiveCfg = Release|x86
		{E734D539-5EA7-49F3-A777-821237D1094C}.Release|Mixed Platforms.Build.0 = Release|x86
		{E734D539-5EA7-49F3-A777-821237D1094C}.Release|x86.ActiveCfg = Release|x86
		{E734D539-5EA7-49F3-A777-821237D1094C}.Release|x86.Build.0 = Release|x86
		{015E240B-23FB-4D91-B20C-CE221DDCCB0F}.Debug|Any CPU.ActiveCfg = Debug|Any CPU
		{015E240B-23FB-4D91-B20C-CE221DDCCB0F}.Debug|Any CPU.Build.0 = Debug|Any CPU
		{015E240B-23FB-4D91-B20C-CE221DDCCB0F}.Debug|Mixed Platforms.ActiveCfg = Debug|Any CPU
		{015E240B-23FB-4D91-B20C-CE221DDCCB0F}.Debug|Mixed Platforms.Build.0 = Debug|Any CPU
		{015E240B-23FB-4D91-B20C-CE221DDCCB0F}.Debug|x86.ActiveCfg = Debug|x86
		{015E240B-23FB-4D91-B20C-CE221DDCCB0F}.Debug|x86.Build.0 = Debug|x86
		{015E240B-23FB-4D91-B20C-CE221DDCCB0F}.LinuxRelease|Any CPU.ActiveCfg = Release|Any CPU
		{015E240B-23FB-4D91-B20C-CE221DDCCB0F}.LinuxRelease|Any CPU.Build.0 = Release|Any CPU
		{015E240B-23FB-4D91-B20C-CE221DDCCB0F}.LinuxRelease|Mixed Platforms.ActiveCfg = Release|Any CPU
		{015E240B-23FB-4D91-B20C-CE221DDCCB0F}.LinuxRelease|Mixed Platforms.Build.0 = Release|Any CPU
		{015E240B-23FB-4D91-B20C-CE221DDCCB0F}.LinuxRelease|x86.ActiveCfg = Release|Any CPU
		{015E240B-23FB-4D91-B20C-CE221DDCCB0F}.LinuxRelease|x86.Build.0 = Release|Any CPU
		{015E240B-23FB-4D91-B20C-CE221DDCCB0F}.Release|Any CPU.ActiveCfg = Release|Any CPU
		{015E240B-23FB-4D91-B20C-CE221DDCCB0F}.Release|Any CPU.Build.0 = Release|Any CPU
		{015E240B-23FB-4D91-B20C-CE221DDCCB0F}.Release|Mixed Platforms.ActiveCfg = Release|Any CPU
		{015E240B-23FB-4D91-B20C-CE221DDCCB0F}.Release|Mixed Platforms.Build.0 = Release|Any CPU
		{015E240B-23FB-4D91-B20C-CE221DDCCB0F}.Release|x86.ActiveCfg = Release|x86
		{015E240B-23FB-4D91-B20C-CE221DDCCB0F}.Release|x86.Build.0 = Release|x86
		{F90D0481-3D97-4C72-AF6E-DD81177E3DE1}.Debug|Any CPU.ActiveCfg = Debug|Any CPU
		{F90D0481-3D97-4C72-AF6E-DD81177E3DE1}.Debug|Any CPU.Build.0 = Debug|Any CPU
		{F90D0481-3D97-4C72-AF6E-DD81177E3DE1}.Debug|Mixed Platforms.ActiveCfg = Debug|Any CPU
		{F90D0481-3D97-4C72-AF6E-DD81177E3DE1}.Debug|Mixed Platforms.Build.0 = Debug|Any CPU
		{F90D0481-3D97-4C72-AF6E-DD81177E3DE1}.Debug|x86.ActiveCfg = Debug|x86
		{F90D0481-3D97-4C72-AF6E-DD81177E3DE1}.Debug|x86.Build.0 = Debug|x86
		{F90D0481-3D97-4C72-AF6E-DD81177E3DE1}.LinuxRelease|Any CPU.ActiveCfg = Release|Any CPU
		{F90D0481-3D97-4C72-AF6E-DD81177E3DE1}.LinuxRelease|Any CPU.Build.0 = Release|Any CPU
		{F90D0481-3D97-4C72-AF6E-DD81177E3DE1}.LinuxRelease|Mixed Platforms.ActiveCfg = Release|Any CPU
		{F90D0481-3D97-4C72-AF6E-DD81177E3DE1}.LinuxRelease|Mixed Platforms.Build.0 = Release|Any CPU
		{F90D0481-3D97-4C72-AF6E-DD81177E3DE1}.LinuxRelease|x86.ActiveCfg = Release|Any CPU
		{F90D0481-3D97-4C72-AF6E-DD81177E3DE1}.LinuxRelease|x86.Build.0 = Release|Any CPU
		{F90D0481-3D97-4C72-AF6E-DD81177E3DE1}.Release|Any CPU.ActiveCfg = Release|Any CPU
		{F90D0481-3D97-4C72-AF6E-DD81177E3DE1}.Release|Any CPU.Build.0 = Release|Any CPU
		{F90D0481-3D97-4C72-AF6E-DD81177E3DE1}.Release|Mixed Platforms.ActiveCfg = Release|Any CPU
		{F90D0481-3D97-4C72-AF6E-DD81177E3DE1}.Release|Mixed Platforms.Build.0 = Release|Any CPU
		{F90D0481-3D97-4C72-AF6E-DD81177E3DE1}.Release|x86.ActiveCfg = Release|x86
		{F90D0481-3D97-4C72-AF6E-DD81177E3DE1}.Release|x86.Build.0 = Release|x86
		{7BBDDEDF-C015-43C0-A532-FED224993281}.Debug|Any CPU.ActiveCfg = Debug|Any CPU
		{7BBDDEDF-C015-43C0-A532-FED224993281}.Debug|Any CPU.Build.0 = Debug|Any CPU
		{7BBDDEDF-C015-43C0-A532-FED224993281}.Debug|Mixed Platforms.ActiveCfg = Debug|Any CPU
		{7BBDDEDF-C015-43C0-A532-FED224993281}.Debug|Mixed Platforms.Build.0 = Debug|Any CPU
		{7BBDDEDF-C015-43C0-A532-FED224993281}.Debug|x86.ActiveCfg = Debug|x86
		{7BBDDEDF-C015-43C0-A532-FED224993281}.Debug|x86.Build.0 = Debug|x86
		{7BBDDEDF-C015-43C0-A532-FED224993281}.LinuxRelease|Any CPU.ActiveCfg = Release|Any CPU
		{7BBDDEDF-C015-43C0-A532-FED224993281}.LinuxRelease|Any CPU.Build.0 = Release|Any CPU
		{7BBDDEDF-C015-43C0-A532-FED224993281}.LinuxRelease|Mixed Platforms.ActiveCfg = Release|Any CPU
		{7BBDDEDF-C015-43C0-A532-FED224993281}.LinuxRelease|Mixed Platforms.Build.0 = Release|Any CPU
		{7BBDDEDF-C015-43C0-A532-FED224993281}.LinuxRelease|x86.ActiveCfg = Release|Any CPU
		{7BBDDEDF-C015-43C0-A532-FED224993281}.LinuxRelease|x86.Build.0 = Release|Any CPU
		{7BBDDEDF-C015-43C0-A532-FED224993281}.Release|Any CPU.ActiveCfg = Release|Any CPU
		{7BBDDEDF-C015-43C0-A532-FED224993281}.Release|Any CPU.Build.0 = Release|Any CPU
		{7BBDDEDF-C015-43C0-A532-FED224993281}.Release|Mixed Platforms.ActiveCfg = Release|Any CPU
		{7BBDDEDF-C015-43C0-A532-FED224993281}.Release|Mixed Platforms.Build.0 = Release|Any CPU
		{7BBDDEDF-C015-43C0-A532-FED224993281}.Release|x86.ActiveCfg = Release|x86
		{7BBDDEDF-C015-43C0-A532-FED224993281}.Release|x86.Build.0 = Release|x86
		{76BA82E6-D8E1-45B1-8ED6-41D97B8D67EC}.Debug|Any CPU.ActiveCfg = Debug|Any CPU
		{76BA82E6-D8E1-45B1-8ED6-41D97B8D67EC}.Debug|Any CPU.Build.0 = Debug|Any CPU
		{76BA82E6-D8E1-45B1-8ED6-41D97B8D67EC}.Debug|Mixed Platforms.ActiveCfg = Debug|x86
		{76BA82E6-D8E1-45B1-8ED6-41D97B8D67EC}.Debug|Mixed Platforms.Build.0 = Debug|x86
		{76BA82E6-D8E1-45B1-8ED6-41D97B8D67EC}.Debug|x86.ActiveCfg = Debug|x86
		{76BA82E6-D8E1-45B1-8ED6-41D97B8D67EC}.Debug|x86.Build.0 = Debug|x86
		{76BA82E6-D8E1-45B1-8ED6-41D97B8D67EC}.LinuxRelease|Any CPU.ActiveCfg = Release|Any CPU
		{76BA82E6-D8E1-45B1-8ED6-41D97B8D67EC}.LinuxRelease|Any CPU.Build.0 = Release|Any CPU
		{76BA82E6-D8E1-45B1-8ED6-41D97B8D67EC}.LinuxRelease|Mixed Platforms.ActiveCfg = Release|x86
		{76BA82E6-D8E1-45B1-8ED6-41D97B8D67EC}.LinuxRelease|Mixed Platforms.Build.0 = Release|x86
		{76BA82E6-D8E1-45B1-8ED6-41D97B8D67EC}.LinuxRelease|x86.ActiveCfg = Release|x86
		{76BA82E6-D8E1-45B1-8ED6-41D97B8D67EC}.LinuxRelease|x86.Build.0 = Release|x86
		{76BA82E6-D8E1-45B1-8ED6-41D97B8D67EC}.Release|Any CPU.ActiveCfg = Release|Any CPU
		{76BA82E6-D8E1-45B1-8ED6-41D97B8D67EC}.Release|Any CPU.Build.0 = Release|Any CPU
		{76BA82E6-D8E1-45B1-8ED6-41D97B8D67EC}.Release|Mixed Platforms.ActiveCfg = Release|x86
		{76BA82E6-D8E1-45B1-8ED6-41D97B8D67EC}.Release|Mixed Platforms.Build.0 = Release|x86
		{76BA82E6-D8E1-45B1-8ED6-41D97B8D67EC}.Release|x86.ActiveCfg = Release|x86
		{76BA82E6-D8E1-45B1-8ED6-41D97B8D67EC}.Release|x86.Build.0 = Release|x86
		{C37B8157-F665-4EBE-8FD6-20D1C92A0797}.Debug|Any CPU.ActiveCfg = Debug|Any CPU
		{C37B8157-F665-4EBE-8FD6-20D1C92A0797}.Debug|Any CPU.Build.0 = Debug|Any CPU
		{C37B8157-F665-4EBE-8FD6-20D1C92A0797}.Debug|Mixed Platforms.ActiveCfg = Debug|x86
		{C37B8157-F665-4EBE-8FD6-20D1C92A0797}.Debug|Mixed Platforms.Build.0 = Debug|x86
		{C37B8157-F665-4EBE-8FD6-20D1C92A0797}.Debug|x86.ActiveCfg = Debug|x86
		{C37B8157-F665-4EBE-8FD6-20D1C92A0797}.Debug|x86.Build.0 = Debug|x86
		{C37B8157-F665-4EBE-8FD6-20D1C92A0797}.LinuxRelease|Any CPU.ActiveCfg = Release|Any CPU
		{C37B8157-F665-4EBE-8FD6-20D1C92A0797}.LinuxRelease|Any CPU.Build.0 = Release|Any CPU
		{C37B8157-F665-4EBE-8FD6-20D1C92A0797}.LinuxRelease|Mixed Platforms.ActiveCfg = Release|x86
		{C37B8157-F665-4EBE-8FD6-20D1C92A0797}.LinuxRelease|Mixed Platforms.Build.0 = Release|x86
		{C37B8157-F665-4EBE-8FD6-20D1C92A0797}.LinuxRelease|x86.ActiveCfg = Release|x86
		{C37B8157-F665-4EBE-8FD6-20D1C92A0797}.LinuxRelease|x86.Build.0 = Release|x86
		{C37B8157-F665-4EBE-8FD6-20D1C92A0797}.Release|Any CPU.ActiveCfg = Release|Any CPU
		{C37B8157-F665-4EBE-8FD6-20D1C92A0797}.Release|Any CPU.Build.0 = Release|Any CPU
		{C37B8157-F665-4EBE-8FD6-20D1C92A0797}.Release|Mixed Platforms.ActiveCfg = Release|x86
		{C37B8157-F665-4EBE-8FD6-20D1C92A0797}.Release|Mixed Platforms.Build.0 = Release|x86
		{C37B8157-F665-4EBE-8FD6-20D1C92A0797}.Release|x86.ActiveCfg = Release|x86
		{C37B8157-F665-4EBE-8FD6-20D1C92A0797}.Release|x86.Build.0 = Release|x86
		{F026A58B-2639-4B49-A1C9-79C0B3FA53E7}.Debug|Any CPU.ActiveCfg = Debug|Any CPU
		{F026A58B-2639-4B49-A1C9-79C0B3FA53E7}.Debug|Any CPU.Build.0 = Debug|Any CPU
		{F026A58B-2639-4B49-A1C9-79C0B3FA53E7}.Debug|Mixed Platforms.ActiveCfg = Debug|Any CPU
		{F026A58B-2639-4B49-A1C9-79C0B3FA53E7}.Debug|Mixed Platforms.Build.0 = Debug|Any CPU
		{F026A58B-2639-4B49-A1C9-79C0B3FA53E7}.Debug|x86.ActiveCfg = Debug|x86
		{F026A58B-2639-4B49-A1C9-79C0B3FA53E7}.Debug|x86.Build.0 = Debug|x86
		{F026A58B-2639-4B49-A1C9-79C0B3FA53E7}.LinuxRelease|Any CPU.ActiveCfg = Release|Any CPU
		{F026A58B-2639-4B49-A1C9-79C0B3FA53E7}.LinuxRelease|Any CPU.Build.0 = Release|Any CPU
		{F026A58B-2639-4B49-A1C9-79C0B3FA53E7}.LinuxRelease|Mixed Platforms.ActiveCfg = Release|Any CPU
		{F026A58B-2639-4B49-A1C9-79C0B3FA53E7}.LinuxRelease|Mixed Platforms.Build.0 = Release|Any CPU
		{F026A58B-2639-4B49-A1C9-79C0B3FA53E7}.LinuxRelease|x86.ActiveCfg = Release|Any CPU
		{F026A58B-2639-4B49-A1C9-79C0B3FA53E7}.LinuxRelease|x86.Build.0 = Release|Any CPU
		{F026A58B-2639-4B49-A1C9-79C0B3FA53E7}.Release|Any CPU.ActiveCfg = Release|Any CPU
		{F026A58B-2639-4B49-A1C9-79C0B3FA53E7}.Release|Any CPU.Build.0 = Release|Any CPU
		{F026A58B-2639-4B49-A1C9-79C0B3FA53E7}.Release|Mixed Platforms.ActiveCfg = Release|Any CPU
		{F026A58B-2639-4B49-A1C9-79C0B3FA53E7}.Release|Mixed Platforms.Build.0 = Release|Any CPU
		{F026A58B-2639-4B49-A1C9-79C0B3FA53E7}.Release|x86.ActiveCfg = Release|Any CPU
		{F026A58B-2639-4B49-A1C9-79C0B3FA53E7}.Release|x86.Build.0 = Release|Any CPU
		{29C41020-4411-41F2-9061-9B71B5B32B5D}.Debug|Any CPU.ActiveCfg = Debug|Any CPU
		{29C41020-4411-41F2-9061-9B71B5B32B5D}.Debug|Any CPU.Build.0 = Debug|Any CPU
		{29C41020-4411-41F2-9061-9B71B5B32B5D}.Debug|Mixed Platforms.ActiveCfg = Debug|Any CPU
		{29C41020-4411-41F2-9061-9B71B5B32B5D}.Debug|Mixed Platforms.Build.0 = Debug|Any CPU
		{29C41020-4411-41F2-9061-9B71B5B32B5D}.Debug|x86.ActiveCfg = Debug|Any CPU
		{29C41020-4411-41F2-9061-9B71B5B32B5D}.Debug|x86.Build.0 = Debug|Any CPU
		{29C41020-4411-41F2-9061-9B71B5B32B5D}.LinuxRelease|Any CPU.ActiveCfg = Release|Any CPU
		{29C41020-4411-41F2-9061-9B71B5B32B5D}.LinuxRelease|Any CPU.Build.0 = Release|Any CPU
		{29C41020-4411-41F2-9061-9B71B5B32B5D}.LinuxRelease|Mixed Platforms.ActiveCfg = Release|Any CPU
		{29C41020-4411-41F2-9061-9B71B5B32B5D}.LinuxRelease|Mixed Platforms.Build.0 = Release|Any CPU
		{29C41020-4411-41F2-9061-9B71B5B32B5D}.LinuxRelease|x86.ActiveCfg = Release|Any CPU
		{29C41020-4411-41F2-9061-9B71B5B32B5D}.LinuxRelease|x86.Build.0 = Release|Any CPU
		{29C41020-4411-41F2-9061-9B71B5B32B5D}.Release|Any CPU.ActiveCfg = Release|Any CPU
		{29C41020-4411-41F2-9061-9B71B5B32B5D}.Release|Any CPU.Build.0 = Release|Any CPU
		{29C41020-4411-41F2-9061-9B71B5B32B5D}.Release|Mixed Platforms.ActiveCfg = Release|Any CPU
		{29C41020-4411-41F2-9061-9B71B5B32B5D}.Release|Mixed Platforms.Build.0 = Release|Any CPU
		{29C41020-4411-41F2-9061-9B71B5B32B5D}.Release|x86.ActiveCfg = Release|Any CPU
		{29C41020-4411-41F2-9061-9B71B5B32B5D}.Release|x86.Build.0 = Release|Any CPU
		{4ED3DF2F-E97E-4BC3-AE5F-AA31A11AF57F}.Debug|Any CPU.ActiveCfg = Debug|Any CPU
		{4ED3DF2F-E97E-4BC3-AE5F-AA31A11AF57F}.Debug|Any CPU.Build.0 = Debug|Any CPU
		{4ED3DF2F-E97E-4BC3-AE5F-AA31A11AF57F}.Debug|Mixed Platforms.ActiveCfg = Debug|x86
		{4ED3DF2F-E97E-4BC3-AE5F-AA31A11AF57F}.Debug|Mixed Platforms.Build.0 = Debug|x86
		{4ED3DF2F-E97E-4BC3-AE5F-AA31A11AF57F}.Debug|x86.ActiveCfg = Debug|x86
		{4ED3DF2F-E97E-4BC3-AE5F-AA31A11AF57F}.Debug|x86.Build.0 = Debug|x86
		{4ED3DF2F-E97E-4BC3-AE5F-AA31A11AF57F}.LinuxRelease|Any CPU.ActiveCfg = Release|Any CPU
		{4ED3DF2F-E97E-4BC3-AE5F-AA31A11AF57F}.LinuxRelease|Any CPU.Build.0 = Release|Any CPU
		{4ED3DF2F-E97E-4BC3-AE5F-AA31A11AF57F}.LinuxRelease|Mixed Platforms.ActiveCfg = Release|x86
		{4ED3DF2F-E97E-4BC3-AE5F-AA31A11AF57F}.LinuxRelease|Mixed Platforms.Build.0 = Release|x86
		{4ED3DF2F-E97E-4BC3-AE5F-AA31A11AF57F}.LinuxRelease|x86.ActiveCfg = Release|x86
		{4ED3DF2F-E97E-4BC3-AE5F-AA31A11AF57F}.LinuxRelease|x86.Build.0 = Release|x86
		{4ED3DF2F-E97E-4BC3-AE5F-AA31A11AF57F}.Release|Any CPU.ActiveCfg = Release|Any CPU
		{4ED3DF2F-E97E-4BC3-AE5F-AA31A11AF57F}.Release|Any CPU.Build.0 = Release|Any CPU
		{4ED3DF2F-E97E-4BC3-AE5F-AA31A11AF57F}.Release|Mixed Platforms.ActiveCfg = Release|x86
		{4ED3DF2F-E97E-4BC3-AE5F-AA31A11AF57F}.Release|Mixed Platforms.Build.0 = Release|x86
		{4ED3DF2F-E97E-4BC3-AE5F-AA31A11AF57F}.Release|x86.ActiveCfg = Release|x86
		{4ED3DF2F-E97E-4BC3-AE5F-AA31A11AF57F}.Release|x86.Build.0 = Release|x86
		{A839333E-16F2-44EF-A3DD-FE05DE35F29D}.Debug|Any CPU.ActiveCfg = Debug|Any CPU
		{A839333E-16F2-44EF-A3DD-FE05DE35F29D}.Debug|Any CPU.Build.0 = Debug|Any CPU
		{A839333E-16F2-44EF-A3DD-FE05DE35F29D}.Debug|Mixed Platforms.ActiveCfg = Debug|Any CPU
		{A839333E-16F2-44EF-A3DD-FE05DE35F29D}.Debug|Mixed Platforms.Build.0 = Debug|Any CPU
		{A839333E-16F2-44EF-A3DD-FE05DE35F29D}.Debug|x86.ActiveCfg = Debug|Any CPU
		{A839333E-16F2-44EF-A3DD-FE05DE35F29D}.Debug|x86.Build.0 = Debug|Any CPU
		{A839333E-16F2-44EF-A3DD-FE05DE35F29D}.LinuxRelease|Any CPU.ActiveCfg = Release|Any CPU
		{A839333E-16F2-44EF-A3DD-FE05DE35F29D}.LinuxRelease|Any CPU.Build.0 = Release|Any CPU
		{A839333E-16F2-44EF-A3DD-FE05DE35F29D}.LinuxRelease|Mixed Platforms.ActiveCfg = Release|Any CPU
		{A839333E-16F2-44EF-A3DD-FE05DE35F29D}.LinuxRelease|Mixed Platforms.Build.0 = Release|Any CPU
		{A839333E-16F2-44EF-A3DD-FE05DE35F29D}.LinuxRelease|x86.ActiveCfg = Release|Any CPU
		{A839333E-16F2-44EF-A3DD-FE05DE35F29D}.LinuxRelease|x86.Build.0 = Release|Any CPU
		{A839333E-16F2-44EF-A3DD-FE05DE35F29D}.Release|Any CPU.ActiveCfg = Release|Any CPU
		{A839333E-16F2-44EF-A3DD-FE05DE35F29D}.Release|Any CPU.Build.0 = Release|Any CPU
		{A839333E-16F2-44EF-A3DD-FE05DE35F29D}.Release|Mixed Platforms.ActiveCfg = Release|Any CPU
		{A839333E-16F2-44EF-A3DD-FE05DE35F29D}.Release|Mixed Platforms.Build.0 = Release|Any CPU
		{A839333E-16F2-44EF-A3DD-FE05DE35F29D}.Release|x86.ActiveCfg = Release|Any CPU
		{A839333E-16F2-44EF-A3DD-FE05DE35F29D}.Release|x86.Build.0 = Release|Any CPU
		{A5FEDC90-ED1B-4642-AD0C-B736828EE026}.Debug|Any CPU.ActiveCfg = Debug|Any CPU
		{A5FEDC90-ED1B-4642-AD0C-B736828EE026}.Debug|Any CPU.Build.0 = Debug|Any CPU
		{A5FEDC90-ED1B-4642-AD0C-B736828EE026}.Debug|Mixed Platforms.ActiveCfg = Debug|Any CPU
		{A5FEDC90-ED1B-4642-AD0C-B736828EE026}.Debug|Mixed Platforms.Build.0 = Debug|Any CPU
		{A5FEDC90-ED1B-4642-AD0C-B736828EE026}.Debug|x86.ActiveCfg = Debug|Any CPU
		{A5FEDC90-ED1B-4642-AD0C-B736828EE026}.Debug|x86.Build.0 = Debug|Any CPU
		{A5FEDC90-ED1B-4642-AD0C-B736828EE026}.LinuxRelease|Any CPU.ActiveCfg = Release|Any CPU
		{A5FEDC90-ED1B-4642-AD0C-B736828EE026}.LinuxRelease|Any CPU.Build.0 = Release|Any CPU
		{A5FEDC90-ED1B-4642-AD0C-B736828EE026}.LinuxRelease|Mixed Platforms.ActiveCfg = Release|Any CPU
		{A5FEDC90-ED1B-4642-AD0C-B736828EE026}.LinuxRelease|Mixed Platforms.Build.0 = Release|Any CPU
		{A5FEDC90-ED1B-4642-AD0C-B736828EE026}.LinuxRelease|x86.ActiveCfg = Release|Any CPU
		{A5FEDC90-ED1B-4642-AD0C-B736828EE026}.LinuxRelease|x86.Build.0 = Release|Any CPU
		{A5FEDC90-ED1B-4642-AD0C-B736828EE026}.Release|Any CPU.ActiveCfg = Release|Any CPU
		{A5FEDC90-ED1B-4642-AD0C-B736828EE026}.Release|Any CPU.Build.0 = Release|Any CPU
		{A5FEDC90-ED1B-4642-AD0C-B736828EE026}.Release|Mixed Platforms.ActiveCfg = Release|Any CPU
		{A5FEDC90-ED1B-4642-AD0C-B736828EE026}.Release|Mixed Platforms.Build.0 = Release|Any CPU
		{A5FEDC90-ED1B-4642-AD0C-B736828EE026}.Release|x86.ActiveCfg = Release|Any CPU
		{A5FEDC90-ED1B-4642-AD0C-B736828EE026}.Release|x86.Build.0 = Release|Any CPU
		{9689F3C3-7DE7-4249-A02B-B0D5DFD7EA11}.Debug|Any CPU.ActiveCfg = Debug|Any CPU
		{9689F3C3-7DE7-4249-A02B-B0D5DFD7EA11}.Debug|Any CPU.Build.0 = Debug|Any CPU
		{9689F3C3-7DE7-4249-A02B-B0D5DFD7EA11}.Debug|Mixed Platforms.ActiveCfg = Debug|Any CPU
		{9689F3C3-7DE7-4249-A02B-B0D5DFD7EA11}.Debug|Mixed Platforms.Build.0 = Debug|Any CPU
		{9689F3C3-7DE7-4249-A02B-B0D5DFD7EA11}.Debug|x86.ActiveCfg = Debug|Any CPU
		{9689F3C3-7DE7-4249-A02B-B0D5DFD7EA11}.Debug|x86.Build.0 = Debug|Any CPU
		{9689F3C3-7DE7-4249-A02B-B0D5DFD7EA11}.LinuxRelease|Any CPU.ActiveCfg = Release|Any CPU
		{9689F3C3-7DE7-4249-A02B-B0D5DFD7EA11}.LinuxRelease|Any CPU.Build.0 = Release|Any CPU
		{9689F3C3-7DE7-4249-A02B-B0D5DFD7EA11}.LinuxRelease|Mixed Platforms.ActiveCfg = Release|Any CPU
		{9689F3C3-7DE7-4249-A02B-B0D5DFD7EA11}.LinuxRelease|Mixed Platforms.Build.0 = Release|Any CPU
		{9689F3C3-7DE7-4249-A02B-B0D5DFD7EA11}.LinuxRelease|x86.ActiveCfg = Release|Any CPU
		{9689F3C3-7DE7-4249-A02B-B0D5DFD7EA11}.LinuxRelease|x86.Build.0 = Release|Any CPU
		{9689F3C3-7DE7-4249-A02B-B0D5DFD7EA11}.Release|Any CPU.ActiveCfg = Release|Any CPU
		{9689F3C3-7DE7-4249-A02B-B0D5DFD7EA11}.Release|Any CPU.Build.0 = Release|Any CPU
		{9689F3C3-7DE7-4249-A02B-B0D5DFD7EA11}.Release|Mixed Platforms.ActiveCfg = Release|Any CPU
		{9689F3C3-7DE7-4249-A02B-B0D5DFD7EA11}.Release|Mixed Platforms.Build.0 = Release|Any CPU
		{9689F3C3-7DE7-4249-A02B-B0D5DFD7EA11}.Release|x86.ActiveCfg = Release|Any CPU
		{9689F3C3-7DE7-4249-A02B-B0D5DFD7EA11}.Release|x86.Build.0 = Release|Any CPU
		{50C36CEE-5A29-4836-8853-6BE157B3DCF3}.Debug|Any CPU.ActiveCfg = Debug|Win32
		{50C36CEE-5A29-4836-8853-6BE157B3DCF3}.Debug|Mixed Platforms.ActiveCfg = Debug|Win32
		{50C36CEE-5A29-4836-8853-6BE157B3DCF3}.Debug|Mixed Platforms.Build.0 = Debug|Win32
		{50C36CEE-5A29-4836-8853-6BE157B3DCF3}.Debug|x86.ActiveCfg = Debug|Win32
		{50C36CEE-5A29-4836-8853-6BE157B3DCF3}.Debug|x86.Build.0 = Debug|Win32
		{50C36CEE-5A29-4836-8853-6BE157B3DCF3}.LinuxRelease|Any CPU.ActiveCfg = Release|Win32
		{50C36CEE-5A29-4836-8853-6BE157B3DCF3}.LinuxRelease|Any CPU.Build.0 = Release|Win32
		{50C36CEE-5A29-4836-8853-6BE157B3DCF3}.LinuxRelease|Mixed Platforms.ActiveCfg = Release|Win32
		{50C36CEE-5A29-4836-8853-6BE157B3DCF3}.LinuxRelease|Mixed Platforms.Build.0 = Release|Win32
		{50C36CEE-5A29-4836-8853-6BE157B3DCF3}.LinuxRelease|x86.ActiveCfg = Release|Win32
		{50C36CEE-5A29-4836-8853-6BE157B3DCF3}.LinuxRelease|x86.Build.0 = Release|Win32
		{50C36CEE-5A29-4836-8853-6BE157B3DCF3}.Release|Any CPU.ActiveCfg = Release|Win32
		{50C36CEE-5A29-4836-8853-6BE157B3DCF3}.Release|Mixed Platforms.ActiveCfg = Release|Win32
		{50C36CEE-5A29-4836-8853-6BE157B3DCF3}.Release|Mixed Platforms.Build.0 = Release|Win32
		{50C36CEE-5A29-4836-8853-6BE157B3DCF3}.Release|x86.ActiveCfg = Release|Win32
		{50C36CEE-5A29-4836-8853-6BE157B3DCF3}.Release|x86.Build.0 = Release|Win32
		{783079E6-A13F-4F43-A28D-9D7731F945D1}.Debug|Any CPU.ActiveCfg = Debug|Any CPU
		{783079E6-A13F-4F43-A28D-9D7731F945D1}.Debug|Any CPU.Build.0 = Debug|Any CPU
		{783079E6-A13F-4F43-A28D-9D7731F945D1}.Debug|Mixed Platforms.ActiveCfg = Debug|x86
		{783079E6-A13F-4F43-A28D-9D7731F945D1}.Debug|Mixed Platforms.Build.0 = Debug|x86
		{783079E6-A13F-4F43-A28D-9D7731F945D1}.Debug|x86.ActiveCfg = Debug|x86
		{783079E6-A13F-4F43-A28D-9D7731F945D1}.Debug|x86.Build.0 = Debug|x86
		{783079E6-A13F-4F43-A28D-9D7731F945D1}.LinuxRelease|Any CPU.ActiveCfg = Release|Any CPU
		{783079E6-A13F-4F43-A28D-9D7731F945D1}.LinuxRelease|Any CPU.Build.0 = Release|Any CPU
		{783079E6-A13F-4F43-A28D-9D7731F945D1}.LinuxRelease|Mixed Platforms.ActiveCfg = Release|x86
		{783079E6-A13F-4F43-A28D-9D7731F945D1}.LinuxRelease|Mixed Platforms.Build.0 = Release|x86
		{783079E6-A13F-4F43-A28D-9D7731F945D1}.LinuxRelease|x86.ActiveCfg = Release|x86
		{783079E6-A13F-4F43-A28D-9D7731F945D1}.LinuxRelease|x86.Build.0 = Release|x86
		{783079E6-A13F-4F43-A28D-9D7731F945D1}.Release|Any CPU.ActiveCfg = Release|Any CPU
		{783079E6-A13F-4F43-A28D-9D7731F945D1}.Release|Any CPU.Build.0 = Release|Any CPU
		{783079E6-A13F-4F43-A28D-9D7731F945D1}.Release|Mixed Platforms.ActiveCfg = Release|x86
		{783079E6-A13F-4F43-A28D-9D7731F945D1}.Release|Mixed Platforms.Build.0 = Release|x86
		{783079E6-A13F-4F43-A28D-9D7731F945D1}.Release|x86.ActiveCfg = Release|x86
		{783079E6-A13F-4F43-A28D-9D7731F945D1}.Release|x86.Build.0 = Release|x86
	EndGlobalSection
	GlobalSection(SolutionProperties) = preSolution
		HideSolutionNode = FALSE
	EndGlobalSection
	GlobalSection(ExtensibilityGlobals) = postSolution
		SolutionGuid = {2FE365F0-87EA-409E-A755-8AEF80638404}
	EndGlobalSection
EndGlobal
