
Microsoft Visual Studio Solution File, Format Version 9.00
# Visual Studio 2005
Project("{FAE04EC0-301F-11D3-BF4B-00C04F79EFBC}") = "SparksToothChart", "SparksToothChart.csproj", "{033B77F4-2E98-49A7-901F-5F388DEDF83E}"
EndProject
Project("{FAE04EC0-301F-11D3-BF4B-00C04F79EFBC}") = "TestForm", "TestForm\TestForm.csproj", "{7E39A2FB-3091-45B3-937E-4E549CADBF4F}"
EndProject
Global
	GlobalSection(SolutionConfigurationPlatforms) = preSolution
		Debug|Any CPU = Debug|Any CPU
		Release|Any CPU = Release|Any CPU
	EndGlobalSection
	GlobalSection(ProjectConfigurationPlatforms) = postSolution
		{033B77F4-2E98-49A7-901F-5F388DEDF83E}.Debug|Any CPU.ActiveCfg = Debug|Any CPU
		{033B77F4-2E98-49A7-901F-5F388DEDF83E}.Debug|Any CPU.Build.0 = Debug|Any CPU
		{033B77F4-2E98-49A7-901F-5F388DEDF83E}.Release|Any CPU.ActiveCfg = Release|Any CPU
		{033B77F4-2E98-49A7-901F-5F388DEDF83E}.Release|Any CPU.Build.0 = Release|Any CPU
		{7E39A2FB-3091-45B3-937E-4E549CADBF4F}.Debug|Any CPU.ActiveCfg = Debug|Any CPU
		{7E39A2FB-3091-45B3-937E-4E549CADBF4F}.Debug|Any CPU.Build.0 = Debug|Any CPU
		{7E39A2FB-3091-45B3-937E-4E549CADBF4F}.Release|Any CPU.ActiveCfg = Release|Any CPU
		{7E39A2FB-3091-45B3-937E-4E549CADBF4F}.Release|Any CPU.Build.0 = Release|Any CPU
	EndGlobalSection
	GlobalSection(SolutionProperties) = preSolution
		HideSolutionNode = FALSE
	EndGlobalSection
EndGlobal
