
Microsoft Visual Studio Solution File, Format Version 12.00
# Visual Studio Version 16
VisualStudioVersion = 16.0.31313.79
MinimumVisualStudioVersion = 10.0.40219.1
Project("{FAE04EC0-301F-11D3-BF4B-00C04F79EFBC}") = "xDocumentationBuilder", "xDocumentationBuilder.csproj", "{460E581F-836B-4414-B8E2-4DFC259585C9}"
EndProject
Project("{FAE04EC0-301F-11D3-BF4B-00C04F79EFBC}") = "xCodeBase", "..\CodeBase\xCodeBase.csproj", "{18F7BC78-4B99-48D3-A1F1-0D13A63E3CF9}"
EndProject
Project("{FAE04EC0-301F-11D3-BF4B-00C04F79EFBC}") = "UnitTests", "..\UnitTests\UnitTests.csproj", "{7069E361-5105-4A13-8D66-5D528B582BA6}"
EndProject
Project("{FAE04EC0-301F-11D3-BF4B-00C04F79EFBC}") = "xCentralManager", "..\CentralManager\xCentralManager.csproj", "{10BFA78E-E5FE-4209-8347-AD0EC8B3F064}"
EndProject
Project("{FAE04EC0-301F-11D3-BF4B-00C04F79EFBC}") = "UnitTestsCore", "..\UnitTestsCore\UnitTestsCore.csproj", "{7BBDDEDF-C015-43C0-A532-FED224993281}"
EndProject
Global
	GlobalSection(SolutionConfigurationPlatforms) = preSolution
		Debug|Any CPU = Debug|Any CPU
		Debug|x86 = Debug|x86
		Release|Any CPU = Release|Any CPU
		Release|x86 = Release|x86
	EndGlobalSection
	GlobalSection(ProjectConfigurationPlatforms) = postSolution
		{460E581F-836B-4414-B8E2-4DFC259585C9}.Debug|Any CPU.ActiveCfg = Debug|Any CPU
		{460E581F-836B-4414-B8E2-4DFC259585C9}.Debug|Any CPU.Build.0 = Debug|Any CPU
		{460E581F-836B-4414-B8E2-4DFC259585C9}.Debug|x86.ActiveCfg = Debug|Any CPU
		{460E581F-836B-4414-B8E2-4DFC259585C9}.Debug|x86.Build.0 = Debug|Any CPU
		{460E581F-836B-4414-B8E2-4DFC259585C9}.Release|Any CPU.ActiveCfg = Release|Any CPU
		{460E581F-836B-4414-B8E2-4DFC259585C9}.Release|Any CPU.Build.0 = Release|Any CPU
		{460E581F-836B-4414-B8E2-4DFC259585C9}.Release|x86.ActiveCfg = Release|Any CPU
		{460E581F-836B-4414-B8E2-4DFC259585C9}.Release|x86.Build.0 = Release|Any CPU
		{18F7BC78-4B99-48D3-A1F1-0D13A63E3CF9}.Debug|Any CPU.ActiveCfg = Debug|Any CPU
		{18F7BC78-4B99-48D3-A1F1-0D13A63E3CF9}.Debug|Any CPU.Build.0 = Debug|Any CPU
		{18F7BC78-4B99-48D3-A1F1-0D13A63E3CF9}.Debug|x86.ActiveCfg = Debug|Any CPU
		{18F7BC78-4B99-48D3-A1F1-0D13A63E3CF9}.Debug|x86.Build.0 = Debug|Any CPU
		{18F7BC78-4B99-48D3-A1F1-0D13A63E3CF9}.Release|Any CPU.ActiveCfg = Release|Any CPU
		{18F7BC78-4B99-48D3-A1F1-0D13A63E3CF9}.Release|Any CPU.Build.0 = Release|Any CPU
		{18F7BC78-4B99-48D3-A1F1-0D13A63E3CF9}.Release|x86.ActiveCfg = Release|Any CPU
		{18F7BC78-4B99-48D3-A1F1-0D13A63E3CF9}.Release|x86.Build.0 = Release|Any CPU
		{7069E361-5105-4A13-8D66-5D528B582BA6}.Debug|Any CPU.ActiveCfg = Debug|Any CPU
		{7069E361-5105-4A13-8D66-5D528B582BA6}.Debug|Any CPU.Build.0 = Debug|Any CPU
		{7069E361-5105-4A13-8D66-5D528B582BA6}.Debug|x86.ActiveCfg = Debug|Any CPU
		{7069E361-5105-4A13-8D66-5D528B582BA6}.Debug|x86.Build.0 = Debug|Any CPU
		{7069E361-5105-4A13-8D66-5D528B582BA6}.Release|Any CPU.ActiveCfg = Release|Any CPU
		{7069E361-5105-4A13-8D66-5D528B582BA6}.Release|Any CPU.Build.0 = Release|Any CPU
		{7069E361-5105-4A13-8D66-5D528B582BA6}.Release|x86.ActiveCfg = Release|Any CPU
		{7069E361-5105-4A13-8D66-5D528B582BA6}.Release|x86.Build.0 = Release|Any CPU
		{10BFA78E-E5FE-4209-8347-AD0EC8B3F064}.Debug|Any CPU.ActiveCfg = Debug|Any CPU
		{10BFA78E-E5FE-4209-8347-AD0EC8B3F064}.Debug|Any CPU.Build.0 = Debug|Any CPU
		{10BFA78E-E5FE-4209-8347-AD0EC8B3F064}.Debug|x86.ActiveCfg = Debug|Any CPU
		{10BFA78E-E5FE-4209-8347-AD0EC8B3F064}.Debug|x86.Build.0 = Debug|Any CPU
		{10BFA78E-E5FE-4209-8347-AD0EC8B3F064}.Release|Any CPU.ActiveCfg = Release|Any CPU
		{10BFA78E-E5FE-4209-8347-AD0EC8B3F064}.Release|Any CPU.Build.0 = Release|Any CPU
		{10BFA78E-E5FE-4209-8347-AD0EC8B3F064}.Release|x86.ActiveCfg = Release|Any CPU
		{10BFA78E-E5FE-4209-8347-AD0EC8B3F064}.Release|x86.Build.0 = Release|Any CPU
		{7BBDDEDF-C015-43C0-A532-FED224993281}.Debug|Any CPU.ActiveCfg = Debug|Any CPU
		{7BBDDEDF-C015-43C0-A532-FED224993281}.Debug|Any CPU.Build.0 = Debug|Any CPU
		{7BBDDEDF-C015-43C0-A532-FED224993281}.Debug|x86.ActiveCfg = Debug|Any CPU
		{7BBDDEDF-C015-43C0-A532-FED224993281}.Debug|x86.Build.0 = Debug|Any CPU
		{7BBDDEDF-C015-43C0-A532-FED224993281}.Release|Any CPU.ActiveCfg = Release|Any CPU
		{7BBDDEDF-C015-43C0-A532-FED224993281}.Release|Any CPU.Build.0 = Release|Any CPU
		{7BBDDEDF-C015-43C0-A532-FED224993281}.Release|x86.ActiveCfg = Release|Any CPU
		{7BBDDEDF-C015-43C0-A532-FED224993281}.Release|x86.Build.0 = Release|Any CPU
	EndGlobalSection
	GlobalSection(SolutionProperties) = preSolution
		HideSolutionNode = FALSE
	EndGlobalSection
	GlobalSection(ExtensibilityGlobals) = postSolution
		SolutionGuid = {A60A0038-BD76-4006-B714-2234E007BD38}
	EndGlobalSection
EndGlobal
