
Microsoft Visual Studio Solution File, Format Version 12.00
# Visual Studio Version 17
VisualStudioVersion = 17.2.32526.322
MinimumVisualStudioVersion = 10.0.40219.1
Project("{FAE04EC0-301F-11D3-BF4B-00C04F79EFBC}") = "PluginExample", "PluginExample.csproj", "{B4466E32-9259-4719-8D30-4400DC5095EE}"
EndProject
Project("{FAE04EC0-301F-11D3-BF4B-00C04F79EFBC}") = "xCodeBase", "..\CodeBase\xCodeBase.csproj", "{18F7BC78-4B99-48D3-A1F1-0D13A63E3CF9}"
EndProject
Project("{FAE04EC0-301F-11D3-BF4B-00C04F79EFBC}") = "xDataConnectionBase", "..\DataConnectionBase\xDataConnectionBase.csproj", "{29C41020-4411-41F2-9061-9B71B5B32B5D}"
EndProject
Project("{FAE04EC0-301F-11D3-BF4B-00C04F79EFBC}") = "OpenDentBusiness", "..\OpenDentBusiness\OpenDentBusiness.csproj", "{3D0FC76E-803C-4DE2-BDB1-47D63A4E2357}"
EndProject
Project("{FAE04EC0-301F-11D3-BF4B-00C04F79EFBC}") = "OpenDental", "..\OpenDental\OpenDental.csproj", "{8136317D-C936-49B6-9E31-D90F02D2F207}"
EndProject
Global
	GlobalSection(SolutionConfigurationPlatforms) = preSolution
		Alpha_Debug|Any CPU = Alpha_Debug|Any CPU
		Alpha_Debug|x86 = Alpha_Debug|x86
		Alpha_Release|Any CPU = Alpha_Release|Any CPU
		Alpha_Release|x86 = Alpha_Release|x86
		Debug_Web|Any CPU = Debug_Web|Any CPU
		Debug_Web|x86 = Debug_Web|x86
		Debug|Any CPU = Debug|Any CPU
		Debug|x86 = Debug|x86
		LinuxRelease|Any CPU = LinuxRelease|Any CPU
		LinuxRelease|x86 = LinuxRelease|x86
		ODXam|Any CPU = ODXam|Any CPU
		ODXam|x86 = ODXam|x86
		Release|Any CPU = Release|Any CPU
		Release|x86 = Release|x86
	EndGlobalSection
	GlobalSection(ProjectConfigurationPlatforms) = postSolution
		{B4466E32-9259-4719-8D30-4400DC5095EE}.Alpha_Debug|Any CPU.ActiveCfg = Debug|Any CPU
		{B4466E32-9259-4719-8D30-4400DC5095EE}.Alpha_Debug|Any CPU.Build.0 = Debug|Any CPU
		{B4466E32-9259-4719-8D30-4400DC5095EE}.Alpha_Debug|x86.ActiveCfg = Debug|x86
		{B4466E32-9259-4719-8D30-4400DC5095EE}.Alpha_Debug|x86.Build.0 = Debug|x86
		{B4466E32-9259-4719-8D30-4400DC5095EE}.Alpha_Release|Any CPU.ActiveCfg = Release|Any CPU
		{B4466E32-9259-4719-8D30-4400DC5095EE}.Alpha_Release|Any CPU.Build.0 = Release|Any CPU
		{B4466E32-9259-4719-8D30-4400DC5095EE}.Alpha_Release|x86.ActiveCfg = Release|x86
		{B4466E32-9259-4719-8D30-4400DC5095EE}.Alpha_Release|x86.Build.0 = Release|x86
		{B4466E32-9259-4719-8D30-4400DC5095EE}.Debug_Web|Any CPU.ActiveCfg = Debug|Any CPU
		{B4466E32-9259-4719-8D30-4400DC5095EE}.Debug_Web|Any CPU.Build.0 = Debug|Any CPU
		{B4466E32-9259-4719-8D30-4400DC5095EE}.Debug_Web|x86.ActiveCfg = Debug|x86
		{B4466E32-9259-4719-8D30-4400DC5095EE}.Debug_Web|x86.Build.0 = Debug|x86
		{B4466E32-9259-4719-8D30-4400DC5095EE}.Debug|Any CPU.ActiveCfg = Debug|Any CPU
		{B4466E32-9259-4719-8D30-4400DC5095EE}.Debug|Any CPU.Build.0 = Debug|Any CPU
		{B4466E32-9259-4719-8D30-4400DC5095EE}.Debug|x86.ActiveCfg = Debug|x86
		{B4466E32-9259-4719-8D30-4400DC5095EE}.Debug|x86.Build.0 = Debug|x86
		{B4466E32-9259-4719-8D30-4400DC5095EE}.LinuxRelease|Any CPU.ActiveCfg = Release|Any CPU
		{B4466E32-9259-4719-8D30-4400DC5095EE}.LinuxRelease|Any CPU.Build.0 = Release|Any CPU
		{B4466E32-9259-4719-8D30-4400DC5095EE}.LinuxRelease|x86.ActiveCfg = Release|x86
		{B4466E32-9259-4719-8D30-4400DC5095EE}.LinuxRelease|x86.Build.0 = Release|x86
		{B4466E32-9259-4719-8D30-4400DC5095EE}.ODXam|Any CPU.ActiveCfg = Release|Any CPU
		{B4466E32-9259-4719-8D30-4400DC5095EE}.ODXam|Any CPU.Build.0 = Release|Any CPU
		{B4466E32-9259-4719-8D30-4400DC5095EE}.ODXam|x86.ActiveCfg = Release|x86
		{B4466E32-9259-4719-8D30-4400DC5095EE}.ODXam|x86.Build.0 = Release|x86
		{B4466E32-9259-4719-8D30-4400DC5095EE}.Release|Any CPU.ActiveCfg = Release|Any CPU
		{B4466E32-9259-4719-8D30-4400DC5095EE}.Release|Any CPU.Build.0 = Release|Any CPU
		{B4466E32-9259-4719-8D30-4400DC5095EE}.Release|x86.ActiveCfg = Release|x86
		{B4466E32-9259-4719-8D30-4400DC5095EE}.Release|x86.Build.0 = Release|x86
		{18F7BC78-4B99-48D3-A1F1-0D13A63E3CF9}.Alpha_Debug|Any CPU.ActiveCfg = Debug|Any CPU
		{18F7BC78-4B99-48D3-A1F1-0D13A63E3CF9}.Alpha_Debug|Any CPU.Build.0 = Debug|Any CPU
		{18F7BC78-4B99-48D3-A1F1-0D13A63E3CF9}.Alpha_Debug|x86.ActiveCfg = Debug|x86
		{18F7BC78-4B99-48D3-A1F1-0D13A63E3CF9}.Alpha_Debug|x86.Build.0 = Debug|x86
		{18F7BC78-4B99-48D3-A1F1-0D13A63E3CF9}.Alpha_Release|Any CPU.ActiveCfg = Release|Any CPU
		{18F7BC78-4B99-48D3-A1F1-0D13A63E3CF9}.Alpha_Release|Any CPU.Build.0 = Release|Any CPU
		{18F7BC78-4B99-48D3-A1F1-0D13A63E3CF9}.Alpha_Release|x86.ActiveCfg = Release|x86
		{18F7BC78-4B99-48D3-A1F1-0D13A63E3CF9}.Alpha_Release|x86.Build.0 = Release|x86
		{18F7BC78-4B99-48D3-A1F1-0D13A63E3CF9}.Debug_Web|Any CPU.ActiveCfg = Debug|Any CPU
		{18F7BC78-4B99-48D3-A1F1-0D13A63E3CF9}.Debug_Web|Any CPU.Build.0 = Debug|Any CPU
		{18F7BC78-4B99-48D3-A1F1-0D13A63E3CF9}.Debug_Web|x86.ActiveCfg = Debug|x86
		{18F7BC78-4B99-48D3-A1F1-0D13A63E3CF9}.Debug_Web|x86.Build.0 = Debug|x86
		{18F7BC78-4B99-48D3-A1F1-0D13A63E3CF9}.Debug|Any CPU.ActiveCfg = Debug|Any CPU
		{18F7BC78-4B99-48D3-A1F1-0D13A63E3CF9}.Debug|Any CPU.Build.0 = Debug|Any CPU
		{18F7BC78-4B99-48D3-A1F1-0D13A63E3CF9}.Debug|x86.ActiveCfg = Debug|x86
		{18F7BC78-4B99-48D3-A1F1-0D13A63E3CF9}.Debug|x86.Build.0 = Debug|x86
		{18F7BC78-4B99-48D3-A1F1-0D13A63E3CF9}.LinuxRelease|Any CPU.ActiveCfg = Release|Any CPU
		{18F7BC78-4B99-48D3-A1F1-0D13A63E3CF9}.LinuxRelease|Any CPU.Build.0 = Release|Any CPU
		{18F7BC78-4B99-48D3-A1F1-0D13A63E3CF9}.LinuxRelease|x86.ActiveCfg = Release|x86
		{18F7BC78-4B99-48D3-A1F1-0D13A63E3CF9}.LinuxRelease|x86.Build.0 = Release|x86
		{18F7BC78-4B99-48D3-A1F1-0D13A63E3CF9}.ODXam|Any CPU.ActiveCfg = ODXam|Any CPU
		{18F7BC78-4B99-48D3-A1F1-0D13A63E3CF9}.ODXam|Any CPU.Build.0 = ODXam|Any CPU
		{18F7BC78-4B99-48D3-A1F1-0D13A63E3CF9}.ODXam|x86.ActiveCfg = ODXam|x86
		{18F7BC78-4B99-48D3-A1F1-0D13A63E3CF9}.ODXam|x86.Build.0 = ODXam|x86
		{18F7BC78-4B99-48D3-A1F1-0D13A63E3CF9}.Release|Any CPU.ActiveCfg = Release|Any CPU
		{18F7BC78-4B99-48D3-A1F1-0D13A63E3CF9}.Release|Any CPU.Build.0 = Release|Any CPU
		{18F7BC78-4B99-48D3-A1F1-0D13A63E3CF9}.Release|x86.ActiveCfg = Release|x86
		{18F7BC78-4B99-48D3-A1F1-0D13A63E3CF9}.Release|x86.Build.0 = Release|x86
		{29C41020-4411-41F2-9061-9B71B5B32B5D}.Alpha_Debug|Any CPU.ActiveCfg = Debug|Any CPU
		{29C41020-4411-41F2-9061-9B71B5B32B5D}.Alpha_Debug|Any CPU.Build.0 = Debug|Any CPU
		{29C41020-4411-41F2-9061-9B71B5B32B5D}.Alpha_Debug|x86.ActiveCfg = Debug|x86
		{29C41020-4411-41F2-9061-9B71B5B32B5D}.Alpha_Debug|x86.Build.0 = Debug|x86
		{29C41020-4411-41F2-9061-9B71B5B32B5D}.Alpha_Release|Any CPU.ActiveCfg = Release|Any CPU
		{29C41020-4411-41F2-9061-9B71B5B32B5D}.Alpha_Release|Any CPU.Build.0 = Release|Any CPU
		{29C41020-4411-41F2-9061-9B71B5B32B5D}.Alpha_Release|x86.ActiveCfg = Release|x86
		{29C41020-4411-41F2-9061-9B71B5B32B5D}.Alpha_Release|x86.Build.0 = Release|x86
		{29C41020-4411-41F2-9061-9B71B5B32B5D}.Debug_Web|Any CPU.ActiveCfg = Debug|Any CPU
		{29C41020-4411-41F2-9061-9B71B5B32B5D}.Debug_Web|Any CPU.Build.0 = Debug|Any CPU
		{29C41020-4411-41F2-9061-9B71B5B32B5D}.Debug_Web|x86.ActiveCfg = Debug|x86
		{29C41020-4411-41F2-9061-9B71B5B32B5D}.Debug_Web|x86.Build.0 = Debug|x86
		{29C41020-4411-41F2-9061-9B71B5B32B5D}.Debug|Any CPU.ActiveCfg = Debug|Any CPU
		{29C41020-4411-41F2-9061-9B71B5B32B5D}.Debug|Any CPU.Build.0 = Debug|Any CPU
		{29C41020-4411-41F2-9061-9B71B5B32B5D}.Debug|x86.ActiveCfg = Debug|x86
		{29C41020-4411-41F2-9061-9B71B5B32B5D}.Debug|x86.Build.0 = Debug|x86
		{29C41020-4411-41F2-9061-9B71B5B32B5D}.LinuxRelease|Any CPU.ActiveCfg = Release|Any CPU
		{29C41020-4411-41F2-9061-9B71B5B32B5D}.LinuxRelease|Any CPU.Build.0 = Release|Any CPU
		{29C41020-4411-41F2-9061-9B71B5B32B5D}.LinuxRelease|x86.ActiveCfg = Release|x86
		{29C41020-4411-41F2-9061-9B71B5B32B5D}.LinuxRelease|x86.Build.0 = Release|x86
		{29C41020-4411-41F2-9061-9B71B5B32B5D}.ODXam|Any CPU.ActiveCfg = ODXam|Any CPU
		{29C41020-4411-41F2-9061-9B71B5B32B5D}.ODXam|Any CPU.Build.0 = ODXam|Any CPU
		{29C41020-4411-41F2-9061-9B71B5B32B5D}.ODXam|x86.ActiveCfg = ODXam|x86
		{29C41020-4411-41F2-9061-9B71B5B32B5D}.ODXam|x86.Build.0 = ODXam|x86
		{29C41020-4411-41F2-9061-9B71B5B32B5D}.Release|Any CPU.ActiveCfg = Release|Any CPU
		{29C41020-4411-41F2-9061-9B71B5B32B5D}.Release|Any CPU.Build.0 = Release|Any CPU
		{29C41020-4411-41F2-9061-9B71B5B32B5D}.Release|x86.ActiveCfg = Release|x86
		{29C41020-4411-41F2-9061-9B71B5B32B5D}.Release|x86.Build.0 = Release|x86
		{3D0FC76E-803C-4DE2-BDB1-47D63A4E2357}.Alpha_Debug|Any CPU.ActiveCfg = Debug|Any CPU
		{3D0FC76E-803C-4DE2-BDB1-47D63A4E2357}.Alpha_Debug|Any CPU.Build.0 = Debug|Any CPU
		{3D0FC76E-803C-4DE2-BDB1-47D63A4E2357}.Alpha_Debug|x86.ActiveCfg = Debug|x86
		{3D0FC76E-803C-4DE2-BDB1-47D63A4E2357}.Alpha_Debug|x86.Build.0 = Debug|x86
		{3D0FC76E-803C-4DE2-BDB1-47D63A4E2357}.Alpha_Release|Any CPU.ActiveCfg = Release|Any CPU
		{3D0FC76E-803C-4DE2-BDB1-47D63A4E2357}.Alpha_Release|Any CPU.Build.0 = Release|Any CPU
		{3D0FC76E-803C-4DE2-BDB1-47D63A4E2357}.Alpha_Release|x86.ActiveCfg = Release|x86
		{3D0FC76E-803C-4DE2-BDB1-47D63A4E2357}.Alpha_Release|x86.Build.0 = Release|x86
		{3D0FC76E-803C-4DE2-BDB1-47D63A4E2357}.Debug_Web|Any CPU.ActiveCfg = Debug|Any CPU
		{3D0FC76E-803C-4DE2-BDB1-47D63A4E2357}.Debug_Web|Any CPU.Build.0 = Debug|Any CPU
		{3D0FC76E-803C-4DE2-BDB1-47D63A4E2357}.Debug_Web|x86.ActiveCfg = Debug|x86
		{3D0FC76E-803C-4DE2-BDB1-47D63A4E2357}.Debug_Web|x86.Build.0 = Debug|x86
		{3D0FC76E-803C-4DE2-BDB1-47D63A4E2357}.Debug|Any CPU.ActiveCfg = Debug|Any CPU
		{3D0FC76E-803C-4DE2-BDB1-47D63A4E2357}.Debug|Any CPU.Build.0 = Debug|Any CPU
		{3D0FC76E-803C-4DE2-BDB1-47D63A4E2357}.Debug|x86.ActiveCfg = Debug|x86
		{3D0FC76E-803C-4DE2-BDB1-47D63A4E2357}.Debug|x86.Build.0 = Debug|x86
		{3D0FC76E-803C-4DE2-BDB1-47D63A4E2357}.LinuxRelease|Any CPU.ActiveCfg = Release|Any CPU
		{3D0FC76E-803C-4DE2-BDB1-47D63A4E2357}.LinuxRelease|Any CPU.Build.0 = Release|Any CPU
		{3D0FC76E-803C-4DE2-BDB1-47D63A4E2357}.LinuxRelease|x86.ActiveCfg = Release|x86
		{3D0FC76E-803C-4DE2-BDB1-47D63A4E2357}.LinuxRelease|x86.Build.0 = Release|x86
		{3D0FC76E-803C-4DE2-BDB1-47D63A4E2357}.ODXam|Any CPU.ActiveCfg = ODXam|Any CPU
		{3D0FC76E-803C-4DE2-BDB1-47D63A4E2357}.ODXam|Any CPU.Build.0 = ODXam|Any CPU
		{3D0FC76E-803C-4DE2-BDB1-47D63A4E2357}.ODXam|x86.ActiveCfg = ODXam|x86
		{3D0FC76E-803C-4DE2-BDB1-47D63A4E2357}.ODXam|x86.Build.0 = ODXam|x86
		{3D0FC76E-803C-4DE2-BDB1-47D63A4E2357}.Release|Any CPU.ActiveCfg = Release|Any CPU
		{3D0FC76E-803C-4DE2-BDB1-47D63A4E2357}.Release|Any CPU.Build.0 = Release|Any CPU
		{3D0FC76E-803C-4DE2-BDB1-47D63A4E2357}.Release|x86.ActiveCfg = Release|x86
		{3D0FC76E-803C-4DE2-BDB1-47D63A4E2357}.Release|x86.Build.0 = Release|x86
		{8136317D-C936-49B6-9E31-D90F02D2F207}.Alpha_Debug|Any CPU.ActiveCfg = Debug|Any CPU
		{8136317D-C936-49B6-9E31-D90F02D2F207}.Alpha_Debug|Any CPU.Build.0 = Debug|Any CPU
		{8136317D-C936-49B6-9E31-D90F02D2F207}.Alpha_Debug|x86.ActiveCfg = Debug|x86
		{8136317D-C936-49B6-9E31-D90F02D2F207}.Alpha_Debug|x86.Build.0 = Debug|x86
		{8136317D-C936-49B6-9E31-D90F02D2F207}.Alpha_Release|Any CPU.ActiveCfg = Release|Any CPU
		{8136317D-C936-49B6-9E31-D90F02D2F207}.Alpha_Release|Any CPU.Build.0 = Release|Any CPU
		{8136317D-C936-49B6-9E31-D90F02D2F207}.Alpha_Release|x86.ActiveCfg = Release|x86
		{8136317D-C936-49B6-9E31-D90F02D2F207}.Alpha_Release|x86.Build.0 = Release|x86
		{8136317D-C936-49B6-9E31-D90F02D2F207}.Debug_Web|Any CPU.ActiveCfg = Debug|Any CPU
		{8136317D-C936-49B6-9E31-D90F02D2F207}.Debug_Web|Any CPU.Build.0 = Debug|Any CPU
		{8136317D-C936-49B6-9E31-D90F02D2F207}.Debug_Web|x86.ActiveCfg = Debug|x86
		{8136317D-C936-49B6-9E31-D90F02D2F207}.Debug_Web|x86.Build.0 = Debug|x86
		{8136317D-C936-49B6-9E31-D90F02D2F207}.Debug|Any CPU.ActiveCfg = Debug|Any CPU
		{8136317D-C936-49B6-9E31-D90F02D2F207}.Debug|Any CPU.Build.0 = Debug|Any CPU
		{8136317D-C936-49B6-9E31-D90F02D2F207}.Debug|x86.ActiveCfg = Debug|x86
		{8136317D-C936-49B6-9E31-D90F02D2F207}.Debug|x86.Build.0 = Debug|x86
		{8136317D-C936-49B6-9E31-D90F02D2F207}.LinuxRelease|Any CPU.ActiveCfg = Release|Any CPU
		{8136317D-C936-49B6-9E31-D90F02D2F207}.LinuxRelease|Any CPU.Build.0 = Release|Any CPU
		{8136317D-C936-49B6-9E31-D90F02D2F207}.LinuxRelease|x86.ActiveCfg = Release|x86
		{8136317D-C936-49B6-9E31-D90F02D2F207}.LinuxRelease|x86.Build.0 = Release|x86
		{8136317D-C936-49B6-9E31-D90F02D2F207}.ODXam|Any CPU.ActiveCfg = Debug|Any CPU
		{8136317D-C936-49B6-9E31-D90F02D2F207}.ODXam|Any CPU.Build.0 = Debug|Any CPU
		{8136317D-C936-49B6-9E31-D90F02D2F207}.ODXam|x86.ActiveCfg = Debug|x86
		{8136317D-C936-49B6-9E31-D90F02D2F207}.ODXam|x86.Build.0 = Debug|x86
		{8136317D-C936-49B6-9E31-D90F02D2F207}.Release|Any CPU.ActiveCfg = Release|Any CPU
		{8136317D-C936-49B6-9E31-D90F02D2F207}.Release|Any CPU.Build.0 = Release|Any CPU
		{8136317D-C936-49B6-9E31-D90F02D2F207}.Release|x86.ActiveCfg = Release|x86
		{8136317D-C936-49B6-9E31-D90F02D2F207}.Release|x86.Build.0 = Release|x86
	EndGlobalSection
	GlobalSection(SolutionProperties) = preSolution
		HideSolutionNode = FALSE
	EndGlobalSection
	GlobalSection(ExtensibilityGlobals) = postSolution
		SolutionGuid = {D60DE67F-4B4E-4AB0-8591-B0FC7E1BBD45}
	EndGlobalSection
EndGlobal
