
Microsoft Visual Studio Solution File, Format Version 10.00
# Visual Studio 2008
Project("{FAE04EC0-301F-11D3-BF4B-00C04F79EFBC}") = "OpenDental", "OpenDental.csproj", "{8136317D-C936-49B6-9E31-D90F02D2F207}"
EndProject
Global
	GlobalSection(SolutionConfigurationPlatforms) = preSolution
		Debug|Any CPU = Debug|Any CPU
		LinuxRelease|Any CPU = LinuxRelease|Any CPU
		Release|Any CPU = Release|Any CPU
	EndGlobalSection
	GlobalSection(ProjectConfigurationPlatforms) = postSolution
		{8136317D-C936-49B6-9E31-D90F02D2F207}.Debug|Any CPU.ActiveCfg = Debug|Any CPU
		{8136317D-C936-49B6-9E31-D90F02D2F207}.Debug|Any CPU.Build.0 = Debug|Any CPU
		{8136317D-C936-49B6-9E31-D90F02D2F207}.LinuxRelease|Any CPU.ActiveCfg = LinuxRelease|Any CPU
		{8136317D-C936-49B6-9E31-D90F02D2F207}.LinuxRelease|Any CPU.Build.0 = LinuxRelease|Any CPU
		{8136317D-C936-49B6-9E31-D90F02D2F207}.Release|Any CPU.ActiveCfg = Release|Any CPU
		{8136317D-C936-49B6-9E31-D90F02D2F207}.Release|Any CPU.Build.0 = Release|Any CPU
	EndGlobalSection
	GlobalSection(SolutionProperties) = preSolution
		HideSolutionNode = FALSE
	EndGlobalSection
EndGlobal
